// !$*UTF8*$!
{
	archiveVersion = 1;
	classes = {
	};
	objectVersion = 46;
	objects = {

/* Begin PBXBuildFile section */
		1BD102E9B691C4E127E399F4 /* libPods-GetStartedSwift.a in Frameworks */ = {isa = PBXBuildFile; fileRef = 8E0E461AFE44F3378F2D361C /* libPods-GetStartedSwift.a */; };
		554547B91F474987002C309C /* HomeViewController.swift in Sources */ = {isa = PBXBuildFile; fileRef = 554547B81F474987002C309C /* HomeViewController.swift */; };
		554547BB1F4B0367002C309C /* recognition-assets in Resources */ = {isa = PBXBuildFile; fileRef = 554547BA1F4B0367002C309C /* recognition-assets */; };
		554A0B761F4745DF00C30FE6 /* Main.storyboard in Resources */ = {isa = PBXBuildFile; fileRef = 554A0B741F4745DF00C30FE6 /* Main.storyboard */; };
		554A0B7B1F4745DF00C30FE6 /* LaunchScreen.storyboard in Resources */ = {isa = PBXBuildFile; fileRef = 554A0B791F4745DF00C30FE6 /* LaunchScreen.storyboard */; };
		55BCF1001F4746A80065868A /* AppDelegate.swift in Sources */ = {isa = PBXBuildFile; fileRef = 55BCF0E21F4746A80065868A /* AppDelegate.swift */; };
		55BCF1021F4746A80065868A /* Assets.xcassets in Resources */ = {isa = PBXBuildFile; fileRef = 55BCF0E81F4746A80065868A /* Assets.xcassets */; };
		55BCF10E1F4746A80065868A /* MyCertificate.c in Sources */ = {isa = PBXBuildFile; fileRef = 55BCF0FD1F4746A80065868A /* MyCertificate.c */; };
		E0B7BF832025AB1C002E39A5 /* Java9LexerATN.swift in Sources */ = {isa = PBXBuildFile; fileRef = E0B7BF782025AB1B002E39A5 /* Java9LexerATN.swift */; };
		E0B7BF842025AB1C002E39A5 /* Java9BaseListener.swift in Sources */ = {isa = PBXBuildFile; fileRef = E0B7BF792025AB1B002E39A5 /* Java9BaseListener.swift */; };
		E0B7BF852025AB1C002E39A5 /* Java9Parser.swift in Sources */ = {isa = PBXBuildFile; fileRef = E0B7BF7A2025AB1B002E39A5 /* Java9Parser.swift */; };
		E0B7BF862025AB1C002E39A5 /* Java9Lexer.interp in Resources */ = {isa = PBXBuildFile; fileRef = E0B7BF7B2025AB1C002E39A5 /* Java9Lexer.interp */; };
		E0B7BF872025AB1C002E39A5 /* Java9Listener.swift in Sources */ = {isa = PBXBuildFile; fileRef = E0B7BF7C2025AB1C002E39A5 /* Java9Listener.swift */; };
		E0B7BF882025AB1C002E39A5 /* Java9.tokens in Resources */ = {isa = PBXBuildFile; fileRef = E0B7BF7D2025AB1C002E39A5 /* Java9.tokens */; };
		E0B7BF892025AB1C002E39A5 /* Java9.g4 in Resources */ = {isa = PBXBuildFile; fileRef = E0B7BF7E2025AB1C002E39A5 /* Java9.g4 */; };
		E0B7BF8A2025AB1C002E39A5 /* Java9.interp in Resources */ = {isa = PBXBuildFile; fileRef = E0B7BF7F2025AB1C002E39A5 /* Java9.interp */; };
		E0B7BF8B2025AB1C002E39A5 /* Java9ParserATN.swift in Sources */ = {isa = PBXBuildFile; fileRef = E0B7BF802025AB1C002E39A5 /* Java9ParserATN.swift */; };
		E0B7BF8C2025AB1C002E39A5 /* Java9Lexer.swift in Sources */ = {isa = PBXBuildFile; fileRef = E0B7BF812025AB1C002E39A5 /* Java9Lexer.swift */; };
		E0B7BF8D2025AB1C002E39A5 /* Java9Lexer.tokens in Resources */ = {isa = PBXBuildFile; fileRef = E0B7BF822025AB1C002E39A5 /* Java9Lexer.tokens */; };
		E0B7BF912025AB5A002E39A5 /* Antlr4.framework in Frameworks */ = {isa = PBXBuildFile; fileRef = E0B7BF752025AAF0002E39A5 /* Antlr4.framework */; };
		E0B7BF922025AB5A002E39A5 /* Antlr4.framework in Embed Frameworks */ = {isa = PBXBuildFile; fileRef = E0B7BF752025AAF0002E39A5 /* Antlr4.framework */; settings = {ATTRIBUTES = (CodeSignOnCopy, RemoveHeadersOnCopy, ); }; };
		E0B7BF9820260407002E39A5 /* Java9BaseVisitor.swift in Sources */ = {isa = PBXBuildFile; fileRef = E0B7BF9620260406002E39A5 /* Java9BaseVisitor.swift */; };
		E0B7BF9920260407002E39A5 /* Java9Visitor.swift in Sources */ = {isa = PBXBuildFile; fileRef = E0B7BF9720260407002E39A5 /* Java9Visitor.swift */; };
		E0B7BF9B2026047A002E39A5 /* Java9PrintTreeWalker.swift in Sources */ = {isa = PBXBuildFile; fileRef = E0B7BF9A2026047A002E39A5 /* Java9PrintTreeWalker.swift */; };
/* End PBXBuildFile section */

/* Begin PBXContainerItemProxy section */
		E0B7BF722025AAF0002E39A5 /* PBXContainerItemProxy */ = {
			isa = PBXContainerItemProxy;
			containerPortal = E0B7BF6B2025AAF0002E39A5 /* Antlr4.xcodeproj */;
			proxyType = 2;
			remoteGlobalIDString = "Antlr4::Antlr4Tests::Product";
			remoteInfo = Antlr4Tests;
		};
		E0B7BF742025AAF0002E39A5 /* PBXContainerItemProxy */ = {
			isa = PBXContainerItemProxy;
			containerPortal = E0B7BF6B2025AAF0002E39A5 /* Antlr4.xcodeproj */;
			proxyType = 2;
			remoteGlobalIDString = "Antlr4::Antlr4::Product";
			remoteInfo = Antlr4;
		};
		E0B7BF8E2025AB4D002E39A5 /* PBXContainerItemProxy */ = {
			isa = PBXContainerItemProxy;
			containerPortal = E0B7BF6B2025AAF0002E39A5 /* Antlr4.xcodeproj */;
			proxyType = 1;
			remoteGlobalIDString = "Antlr4::Antlr4";
			remoteInfo = Antlr4;
		};
		E0B7BF932025AB5A002E39A5 /* PBXContainerItemProxy */ = {
			isa = PBXContainerItemProxy;
			containerPortal = E0B7BF6B2025AAF0002E39A5 /* Antlr4.xcodeproj */;
			proxyType = 1;
			remoteGlobalIDString = "Antlr4::Antlr4";
			remoteInfo = Antlr4;
		};
/* End PBXContainerItemProxy section */

/* Begin PBXCopyFilesBuildPhase section */
		E0B7BF952025AB5B002E39A5 /* Embed Frameworks */ = {
			isa = PBXCopyFilesBuildPhase;
			buildActionMask = 2147483647;
			dstPath = "";
			dstSubfolderSpec = 10;
			files = (
				E0B7BF922025AB5A002E39A5 /* Antlr4.framework in Embed Frameworks */,
			);
			name = "Embed Frameworks";
			runOnlyForDeploymentPostprocessing = 0;
		};
/* End PBXCopyFilesBuildPhase section */

/* Begin PBXFileReference section */
		167C03D40C50913424C09F30 /* Pods-GetStartedSwift.release.xcconfig */ = {isa = PBXFileReference; includeInIndex = 1; lastKnownFileType = text.xcconfig; name = "Pods-GetStartedSwift.release.xcconfig"; path = "Pods/Target Support Files/Pods-GetStartedSwift/Pods-GetStartedSwift.release.xcconfig"; sourceTree = "<group>"; };
		554547B81F474987002C309C /* HomeViewController.swift */ = {isa = PBXFileReference; fileEncoding = 4; lastKnownFileType = sourcecode.swift; path = HomeViewController.swift; sourceTree = "<group>"; };
		554547BA1F4B0367002C309C /* recognition-assets */ = {isa = PBXFileReference; lastKnownFileType = folder; path = "recognition-assets"; sourceTree = "<group>"; };
		554A0B6D1F4745DF00C30FE6 /* GetStartedSwift.app */ = {isa = PBXFileReference; explicitFileType = wrapper.application; includeInIndex = 0; path = GetStartedSwift.app; sourceTree = BUILT_PRODUCTS_DIR; };
		554A0B751F4745DF00C30FE6 /* Base */ = {isa = PBXFileReference; lastKnownFileType = file.storyboard; name = Base; path = Base.lproj/Main.storyboard; sourceTree = "<group>"; };
		554A0B7A1F4745DF00C30FE6 /* Base */ = {isa = PBXFileReference; lastKnownFileType = file.storyboard; name = Base; path = Base.lproj/LaunchScreen.storyboard; sourceTree = "<group>"; };
		55BCF0E21F4746A80065868A /* AppDelegate.swift */ = {isa = PBXFileReference; fileEncoding = 4; lastKnownFileType = sourcecode.swift; path = AppDelegate.swift; sourceTree = "<group>"; };
		55BCF0E81F4746A80065868A /* Assets.xcassets */ = {isa = PBXFileReference; lastKnownFileType = folder.assetcatalog; path = Assets.xcassets; sourceTree = "<group>"; };
		55BCF0FA1F4746A80065868A /* GetStartedSwift-Info.plist */ = {isa = PBXFileReference; fileEncoding = 4; lastKnownFileType = text.plist.xml; path = "GetStartedSwift-Info.plist"; sourceTree = "<group>"; };
		55BCF0FD1F4746A80065868A /* MyCertificate.c */ = {isa = PBXFileReference; fileEncoding = 4; lastKnownFileType = sourcecode.c.c; path = MyCertificate.c; sourceTree = "<group>"; };
		55BCF0FE1F4746A80065868A /* MyCertificate.h */ = {isa = PBXFileReference; fileEncoding = 4; lastKnownFileType = sourcecode.c.h; path = MyCertificate.h; sourceTree = "<group>"; };
		55BCF1121F4747200065868A /* GetStartedSwift-Bridging-Header.h */ = {isa = PBXFileReference; fileEncoding = 4; lastKnownFileType = sourcecode.c.h; path = "GetStartedSwift-Bridging-Header.h"; sourceTree = "<group>"; };
		8E0E461AFE44F3378F2D361C /* libPods-GetStartedSwift.a */ = {isa = PBXFileReference; explicitFileType = archive.ar; includeInIndex = 0; path = "libPods-GetStartedSwift.a"; sourceTree = BUILT_PRODUCTS_DIR; };
		BF462DE7D671DA0B1695C68E /* Pods-GetStartedSwift.debug.xcconfig */ = {isa = PBXFileReference; includeInIndex = 1; lastKnownFileType = text.xcconfig; name = "Pods-GetStartedSwift.debug.xcconfig"; path = "Pods/Target Support Files/Pods-GetStartedSwift/Pods-GetStartedSwift.debug.xcconfig"; sourceTree = "<group>"; };
		E0B7BF6B2025AAF0002E39A5 /* Antlr4.xcodeproj */ = {isa = PBXFileReference; lastKnownFileType = "wrapper.pb-project"; name = Antlr4.xcodeproj; path = ../../../antlr4/runtime/Swift/Antlr4.xcodeproj; sourceTree = "<group>"; };
		E0B7BF782025AB1B002E39A5 /* Java9LexerATN.swift */ = {isa = PBXFileReference; fileEncoding = 4; lastKnownFileType = sourcecode.swift; path = Java9LexerATN.swift; sourceTree = "<group>"; };
		E0B7BF792025AB1B002E39A5 /* Java9BaseListener.swift */ = {isa = PBXFileReference; fileEncoding = 4; lastKnownFileType = sourcecode.swift; path = Java9BaseListener.swift; sourceTree = "<group>"; };
		E0B7BF7A2025AB1B002E39A5 /* Java9Parser.swift */ = {isa = PBXFileReference; fileEncoding = 4; lastKnownFileType = sourcecode.swift; path = Java9Parser.swift; sourceTree = "<group>"; };
		E0B7BF7B2025AB1C002E39A5 /* Java9Lexer.interp */ = {isa = PBXFileReference; fileEncoding = 4; lastKnownFileType = text; path = Java9Lexer.interp; sourceTree = "<group>"; };
		E0B7BF7C2025AB1C002E39A5 /* Java9Listener.swift */ = {isa = PBXFileReference; fileEncoding = 4; lastKnownFileType = sourcecode.swift; path = Java9Listener.swift; sourceTree = "<group>"; };
		E0B7BF7D2025AB1C002E39A5 /* Java9.tokens */ = {isa = PBXFileReference; fileEncoding = 4; lastKnownFileType = text; path = Java9.tokens; sourceTree = "<group>"; };
		E0B7BF7E2025AB1C002E39A5 /* Java9.g4 */ = {isa = PBXFileReference; fileEncoding = 4; lastKnownFileType = text; path = Java9.g4; sourceTree = "<group>"; };
		E0B7BF7F2025AB1C002E39A5 /* Java9.interp */ = {isa = PBXFileReference; fileEncoding = 4; lastKnownFileType = text; path = Java9.interp; sourceTree = "<group>"; };
		E0B7BF802025AB1C002E39A5 /* Java9ParserATN.swift */ = {isa = PBXFileReference; fileEncoding = 4; lastKnownFileType = sourcecode.swift; path = Java9ParserATN.swift; sourceTree = "<group>"; };
		E0B7BF812025AB1C002E39A5 /* Java9Lexer.swift */ = {isa = PBXFileReference; fileEncoding = 4; lastKnownFileType = sourcecode.swift; path = Java9Lexer.swift; sourceTree = "<group>"; };
		E0B7BF822025AB1C002E39A5 /* Java9Lexer.tokens */ = {isa = PBXFileReference; fileEncoding = 4; lastKnownFileType = text; path = Java9Lexer.tokens; sourceTree = "<group>"; };
		E0B7BF9620260406002E39A5 /* Java9BaseVisitor.swift */ = {isa = PBXFileReference; fileEncoding = 4; lastKnownFileType = sourcecode.swift; path = Java9BaseVisitor.swift; sourceTree = "<group>"; };
		E0B7BF9720260407002E39A5 /* Java9Visitor.swift */ = {isa = PBXFileReference; fileEncoding = 4; lastKnownFileType = sourcecode.swift; path = Java9Visitor.swift; sourceTree = "<group>"; };
		E0B7BF9A2026047A002E39A5 /* Java9PrintTreeWalker.swift */ = {isa = PBXFileReference; lastKnownFileType = sourcecode.swift; path = Java9PrintTreeWalker.swift; sourceTree = "<group>"; };
/* End PBXFileReference section */

/* Begin PBXFrameworksBuildPhase section */
		554A0B6A1F4745DF00C30FE6 /* Frameworks */ = {
			isa = PBXFrameworksBuildPhase;
			buildActionMask = 2147483647;
			files = (
				1BD102E9B691C4E127E399F4 /* libPods-GetStartedSwift.a in Frameworks */,
				E0B7BF912025AB5A002E39A5 /* Antlr4.framework in Frameworks */,
			);
			runOnlyForDeploymentPostprocessing = 0;
		};
/* End PBXFrameworksBuildPhase section */

/* Begin PBXGroup section */
		540D384C58358E2672B2EDCA /* Pods */ = {
			isa = PBXGroup;
			children = (
				BF462DE7D671DA0B1695C68E /* Pods-GetStartedSwift.debug.xcconfig */,
				167C03D40C50913424C09F30 /* Pods-GetStartedSwift.release.xcconfig */,
			);
			name = Pods;
			sourceTree = "<group>";
		};
		554A0B641F4745DF00C30FE6 = {
			isa = PBXGroup;
			children = (
				E0B7BF772025AB08002E39A5 /* JavaCompiler */,
				E0B7BF6B2025AAF0002E39A5 /* Antlr4.xcodeproj */,
				554A0B6F1F4745DF00C30FE6 /* GetStartedSwift */,
				554A0B6E1F4745DF00C30FE6 /* Products */,
				540D384C58358E2672B2EDCA /* Pods */,
				82E49F805BFAE545CA8D0136 /* Frameworks */,
			);
			indentWidth = 4;
			sourceTree = "<group>";
			tabWidth = 4;
		};
		554A0B6E1F4745DF00C30FE6 /* Products */ = {
			isa = PBXGroup;
			children = (
				554A0B6D1F4745DF00C30FE6 /* GetStartedSwift.app */,
			);
			name = Products;
			sourceTree = "<group>";
		};
		554A0B6F1F4745DF00C30FE6 /* GetStartedSwift */ = {
			isa = PBXGroup;
			children = (
				55BCF0FC1F4746A80065868A /* MyScriptCertificate */,
				55BCF0DF1F4746A80065868A /* Classes */,
				55BCF0E71F4746A80065868A /* Resources */,
				55BCF0F91F4746A80065868A /* Supporting Files */,
				554A0B741F4745DF00C30FE6 /* Main.storyboard */,
				554A0B791F4745DF00C30FE6 /* LaunchScreen.storyboard */,
			);
			path = GetStartedSwift;
			sourceTree = "<group>";
		};
		55BCF0DF1F4746A80065868A /* Classes */ = {
			isa = PBXGroup;
			children = (
				55BCF0E21F4746A80065868A /* AppDelegate.swift */,
				55BCF0E41F4746A80065868A /* Home */,
			);
			path = Classes;
			sourceTree = "<group>";
		};
		55BCF0E41F4746A80065868A /* Home */ = {
			isa = PBXGroup;
			children = (
				554547B81F474987002C309C /* HomeViewController.swift */,
			);
			path = Home;
			sourceTree = "<group>";
		};
		55BCF0E71F4746A80065868A /* Resources */ = {
			isa = PBXGroup;
			children = (
				554547BA1F4B0367002C309C /* recognition-assets */,
				55BCF0E81F4746A80065868A /* Assets.xcassets */,
			);
			path = Resources;
			sourceTree = "<group>";
		};
		55BCF0F91F4746A80065868A /* Supporting Files */ = {
			isa = PBXGroup;
			children = (
				55BCF1121F4747200065868A /* GetStartedSwift-Bridging-Header.h */,
				55BCF0FA1F4746A80065868A /* GetStartedSwift-Info.plist */,
			);
			path = "Supporting Files";
			sourceTree = "<group>";
		};
		55BCF0FC1F4746A80065868A /* MyScriptCertificate */ = {
			isa = PBXGroup;
			children = (
				55BCF0FE1F4746A80065868A /* MyCertificate.h */,
				55BCF0FD1F4746A80065868A /* MyCertificate.c */,
			);
			path = MyScriptCertificate;
			sourceTree = "<group>";
		};
		82E49F805BFAE545CA8D0136 /* Frameworks */ = {
			isa = PBXGroup;
			children = (
				8E0E461AFE44F3378F2D361C /* libPods-GetStartedSwift.a */,
			);
			name = Frameworks;
			sourceTree = "<group>";
		};
		E0B7BF6C2025AAF0002E39A5 /* Products */ = {
			isa = PBXGroup;
			children = (
				E0B7BF732025AAF0002E39A5 /* Antlr4Tests.xctest */,
				E0B7BF752025AAF0002E39A5 /* Antlr4.framework */,
			);
			name = Products;
			sourceTree = "<group>";
		};
		E0B7BF772025AB08002E39A5 /* JavaCompiler */ = {
			isa = PBXGroup;
			children = (
				E0B7BF7E2025AB1C002E39A5 /* Java9.g4 */,
				E0B7BF7F2025AB1C002E39A5 /* Java9.interp */,
				E0B7BF7D2025AB1C002E39A5 /* Java9.tokens */,
				E0B7BF792025AB1B002E39A5 /* Java9BaseListener.swift */,
				E0B7BF7B2025AB1C002E39A5 /* Java9Lexer.interp */,
				E0B7BF812025AB1C002E39A5 /* Java9Lexer.swift */,
				E0B7BF822025AB1C002E39A5 /* Java9Lexer.tokens */,
				E0B7BF782025AB1B002E39A5 /* Java9LexerATN.swift */,
				E0B7BF7C2025AB1C002E39A5 /* Java9Listener.swift */,
				E0B7BF7A2025AB1B002E39A5 /* Java9Parser.swift */,
				E0B7BF802025AB1C002E39A5 /* Java9ParserATN.swift */,
				E0B7BF9620260406002E39A5 /* Java9BaseVisitor.swift */,
				E0B7BF9A2026047A002E39A5 /* Java9PrintTreeWalker.swift */,
				E0B7BF9720260407002E39A5 /* Java9Visitor.swift */,
			);
			path = JavaCompiler;
			sourceTree = "<group>";
		};
/* End PBXGroup section */

/* Begin PBXNativeTarget section */
		554A0B6C1F4745DF00C30FE6 /* GetStartedSwift */ = {
			isa = PBXNativeTarget;
			buildConfigurationList = 554A0B7F1F4745DF00C30FE6 /* Build configuration list for PBXNativeTarget "GetStartedSwift" */;
			buildPhases = (
				86BC72EA8420301614FE165E /* [CP] Check Pods Manifest.lock */,
				554547BC1F4B07E0002C309C /* ShellScript */,
				554A0B691F4745DF00C30FE6 /* Sources */,
				554A0B6A1F4745DF00C30FE6 /* Frameworks */,
				554A0B6B1F4745DF00C30FE6 /* Resources */,
				2970A64A294682AE582EEBC5 /* [CP] Embed Pods Frameworks */,
				EF35F58CD2D6FB954F295A45 /* [CP] Copy Pods Resources */,
				E0B7BF952025AB5B002E39A5 /* Embed Frameworks */,
			);
			buildRules = (
			);
			dependencies = (
				E0B7BF8F2025AB4D002E39A5 /* PBXTargetDependency */,
				E0B7BF942025AB5A002E39A5 /* PBXTargetDependency */,
			);
			name = GetStartedSwift;
			productName = GetStartedSwift;
			productReference = 554A0B6D1F4745DF00C30FE6 /* GetStartedSwift.app */;
			productType = "com.apple.product-type.application";
		};
/* End PBXNativeTarget section */

/* Begin PBXProject section */
		554A0B651F4745DF00C30FE6 /* Project object */ = {
			isa = PBXProject;
			attributes = {
				LastSwiftUpdateCheck = 0830;
				LastUpgradeCheck = 0920;
				ORGANIZATIONNAME = MyScript;
				TargetAttributes = {
					554A0B6C1F4745DF00C30FE6 = {
						CreatedOnToolsVersion = 8.3.3;
						DevelopmentTeam = X2YRCXRG35;
						LastSwiftMigration = 0920;
						ProvisioningStyle = Automatic;
					};
				};
			};
			buildConfigurationList = 554A0B681F4745DF00C30FE6 /* Build configuration list for PBXProject "GetStartedSwift" */;
			compatibilityVersion = "Xcode 3.2";
			developmentRegion = English;
			hasScannedForEncodings = 0;
			knownRegions = (
				en,
				Base,
			);
			mainGroup = 554A0B641F4745DF00C30FE6;
			productRefGroup = 554A0B6E1F4745DF00C30FE6 /* Products */;
			projectDirPath = "";
			projectReferences = (
				{
					ProductGroup = E0B7BF6C2025AAF0002E39A5 /* Products */;
					ProjectRef = E0B7BF6B2025AAF0002E39A5 /* Antlr4.xcodeproj */;
				},
			);
			projectRoot = "";
			targets = (
				554A0B6C1F4745DF00C30FE6 /* GetStartedSwift */,
			);
		};
/* End PBXProject section */

/* Begin PBXReferenceProxy section */
		E0B7BF732025AAF0002E39A5 /* Antlr4Tests.xctest */ = {
			isa = PBXReferenceProxy;
			fileType = wrapper.cfbundle;
			path = Antlr4Tests.xctest;
			remoteRef = E0B7BF722025AAF0002E39A5 /* PBXContainerItemProxy */;
			sourceTree = BUILT_PRODUCTS_DIR;
		};
		E0B7BF752025AAF0002E39A5 /* Antlr4.framework */ = {
			isa = PBXReferenceProxy;
			fileType = wrapper.framework;
			path = Antlr4.framework;
			remoteRef = E0B7BF742025AAF0002E39A5 /* PBXContainerItemProxy */;
			sourceTree = BUILT_PRODUCTS_DIR;
		};
/* End PBXReferenceProxy section */

/* Begin PBXResourcesBuildPhase section */
		554A0B6B1F4745DF00C30FE6 /* Resources */ = {
			isa = PBXResourcesBuildPhase;
			buildActionMask = 2147483647;
			files = (
				554547BB1F4B0367002C309C /* recognition-assets in Resources */,
				554A0B7B1F4745DF00C30FE6 /* LaunchScreen.storyboard in Resources */,
				E0B7BF892025AB1C002E39A5 /* Java9.g4 in Resources */,
				55BCF1021F4746A80065868A /* Assets.xcassets in Resources */,
				554A0B761F4745DF00C30FE6 /* Main.storyboard in Resources */,
				E0B7BF8D2025AB1C002E39A5 /* Java9Lexer.tokens in Resources */,
				E0B7BF862025AB1C002E39A5 /* Java9Lexer.interp in Resources */,
				E0B7BF882025AB1C002E39A5 /* Java9.tokens in Resources */,
				E0B7BF8A2025AB1C002E39A5 /* Java9.interp in Resources */,
			);
			runOnlyForDeploymentPostprocessing = 0;
		};
/* End PBXResourcesBuildPhase section */

/* Begin PBXShellScriptBuildPhase section */
		2970A64A294682AE582EEBC5 /* [CP] Embed Pods Frameworks */ = {
			isa = PBXShellScriptBuildPhase;
			buildActionMask = 2147483647;
			files = (
			);
			inputPaths = (
			);
			name = "[CP] Embed Pods Frameworks";
			outputPaths = (
			);
			runOnlyForDeploymentPostprocessing = 0;
			shellPath = /bin/sh;
			shellScript = "\"${SRCROOT}/Pods/Target Support Files/Pods-GetStartedSwift/Pods-GetStartedSwift-frameworks.sh\"\n";
			showEnvVarsInLog = 0;
		};
		554547BC1F4B07E0002C309C /* ShellScript */ = {
			isa = PBXShellScriptBuildPhase;
			buildActionMask = 2147483647;
			files = (
			);
			inputPaths = (
			);
			outputPaths = (
			);
			runOnlyForDeploymentPostprocessing = 0;
			shellPath = /bin/sh;
			shellScript = "./retrieve_recognition-assets.sh GetStartedSwift";
		};
		86BC72EA8420301614FE165E /* [CP] Check Pods Manifest.lock */ = {
			isa = PBXShellScriptBuildPhase;
			buildActionMask = 2147483647;
			files = (
			);
			inputPaths = (
				"${PODS_PODFILE_DIR_PATH}/Podfile.lock",
				"${PODS_ROOT}/Manifest.lock",
			);
			name = "[CP] Check Pods Manifest.lock";
			outputPaths = (
				"$(DERIVED_FILE_DIR)/Pods-GetStartedSwift-checkManifestLockResult.txt",
			);
			runOnlyForDeploymentPostprocessing = 0;
			shellPath = /bin/sh;
			shellScript = "diff \"${PODS_PODFILE_DIR_PATH}/Podfile.lock\" \"${PODS_ROOT}/Manifest.lock\" > /dev/null\nif [ $? != 0 ] ; then\n    # print error to STDERR\n    echo \"error: The sandbox is not in sync with the Podfile.lock. Run 'pod install' or update your CocoaPods installation.\" >&2\n    exit 1\nfi\n# This output is used by Xcode 'outputs' to avoid re-running this script phase.\necho \"SUCCESS\" > \"${SCRIPT_OUTPUT_FILE_0}\"\n";
			showEnvVarsInLog = 0;
		};
		EF35F58CD2D6FB954F295A45 /* [CP] Copy Pods Resources */ = {
			isa = PBXShellScriptBuildPhase;
			buildActionMask = 2147483647;
			files = (
			);
			inputPaths = (
			);
			name = "[CP] Copy Pods Resources";
			outputPaths = (
			);
			runOnlyForDeploymentPostprocessing = 0;
			shellPath = /bin/sh;
			shellScript = "\"${SRCROOT}/Pods/Target Support Files/Pods-GetStartedSwift/Pods-GetStartedSwift-resources.sh\"\n";
			showEnvVarsInLog = 0;
		};
/* End PBXShellScriptBuildPhase section */

/* Begin PBXSourcesBuildPhase section */
		554A0B691F4745DF00C30FE6 /* Sources */ = {
			isa = PBXSourcesBuildPhase;
			buildActionMask = 2147483647;
			files = (
				E0B7BF842025AB1C002E39A5 /* Java9BaseListener.swift in Sources */,
				E0B7BF9820260407002E39A5 /* Java9BaseVisitor.swift in Sources */,
				E0B7BF9920260407002E39A5 /* Java9Visitor.swift in Sources */,
				E0B7BF832025AB1C002E39A5 /* Java9LexerATN.swift in Sources */,
				E0B7BF8B2025AB1C002E39A5 /* Java9ParserATN.swift in Sources */,
				E0B7BF8C2025AB1C002E39A5 /* Java9Lexer.swift in Sources */,
				55BCF1001F4746A80065868A /* AppDelegate.swift in Sources */,
				55BCF10E1F4746A80065868A /* MyCertificate.c in Sources */,
				E0B7BF852025AB1C002E39A5 /* Java9Parser.swift in Sources */,
				554547B91F474987002C309C /* HomeViewController.swift in Sources */,
				E0B7BF872025AB1C002E39A5 /* Java9Listener.swift in Sources */,
				E0B7BF9B2026047A002E39A5 /* Java9PrintTreeWalker.swift in Sources */,
			);
			runOnlyForDeploymentPostprocessing = 0;
		};
/* End PBXSourcesBuildPhase section */

/* Begin PBXTargetDependency section */
		E0B7BF8F2025AB4D002E39A5 /* PBXTargetDependency */ = {
			isa = PBXTargetDependency;
			name = Antlr4;
			targetProxy = E0B7BF8E2025AB4D002E39A5 /* PBXContainerItemProxy */;
		};
		E0B7BF942025AB5A002E39A5 /* PBXTargetDependency */ = {
			isa = PBXTargetDependency;
			name = Antlr4;
			targetProxy = E0B7BF932025AB5A002E39A5 /* PBXContainerItemProxy */;
		};
/* End PBXTargetDependency section */

/* Begin PBXVariantGroup section */
		554A0B741F4745DF00C30FE6 /* Main.storyboard */ = {
			isa = PBXVariantGroup;
			children = (
				554A0B751F4745DF00C30FE6 /* Base */,
			);
			name = Main.storyboard;
			sourceTree = "<group>";
		};
		554A0B791F4745DF00C30FE6 /* LaunchScreen.storyboard */ = {
			isa = PBXVariantGroup;
			children = (
				554A0B7A1F4745DF00C30FE6 /* Base */,
			);
			name = LaunchScreen.storyboard;
			sourceTree = "<group>";
		};
/* End PBXVariantGroup section */

/* Begin XCBuildConfiguration section */
		554A0B7D1F4745DF00C30FE6 /* Debug */ = {
			isa = XCBuildConfiguration;
			buildSettings = {
				ALWAYS_SEARCH_USER_PATHS = NO;
				CLANG_ANALYZER_NONNULL = YES;
				CLANG_ANALYZER_NUMBER_OBJECT_CONVERSION = YES_AGGRESSIVE;
				CLANG_CXX_LANGUAGE_STANDARD = "gnu++0x";
				CLANG_CXX_LIBRARY = "libc++";
				CLANG_ENABLE_MODULES = YES;
				CLANG_ENABLE_OBJC_ARC = YES;
				CLANG_WARN_BLOCK_CAPTURE_AUTORELEASING = YES;
				CLANG_WARN_BOOL_CONVERSION = YES;
				CLANG_WARN_COMMA = YES;
				CLANG_WARN_CONSTANT_CONVERSION = YES;
				CLANG_WARN_DIRECT_OBJC_ISA_USAGE = YES_ERROR;
				CLANG_WARN_DOCUMENTATION_COMMENTS = YES;
				CLANG_WARN_EMPTY_BODY = YES;
				CLANG_WARN_ENUM_CONVERSION = YES;
				CLANG_WARN_INFINITE_RECURSION = YES;
				CLANG_WARN_INT_CONVERSION = YES;
				CLANG_WARN_NON_LITERAL_NULL_CONVERSION = YES;
				CLANG_WARN_OBJC_LITERAL_CONVERSION = YES;
				CLANG_WARN_OBJC_ROOT_CLASS = YES_ERROR;
				CLANG_WARN_RANGE_LOOP_ANALYSIS = YES;
				CLANG_WARN_STRICT_PROTOTYPES = YES;
				CLANG_WARN_SUSPICIOUS_MOVE = YES;
				CLANG_WARN_UNREACHABLE_CODE = YES;
				CLANG_WARN__DUPLICATE_METHOD_MATCH = YES;
				"CODE_SIGN_IDENTITY[sdk=iphoneos*]" = "iPhone Developer";
				COPY_PHASE_STRIP = NO;
				DEBUG_INFORMATION_FORMAT = dwarf;
				ENABLE_STRICT_OBJC_MSGSEND = YES;
				ENABLE_TESTABILITY = YES;
				GCC_C_LANGUAGE_STANDARD = gnu99;
				GCC_DYNAMIC_NO_PIC = NO;
				GCC_NO_COMMON_BLOCKS = YES;
				GCC_OPTIMIZATION_LEVEL = 0;
				GCC_PREPROCESSOR_DEFINITIONS = (
					"DEBUG=1",
					"$(inherited)",
				);
				GCC_WARN_64_TO_32_BIT_CONVERSION = YES;
				GCC_WARN_ABOUT_RETURN_TYPE = YES_ERROR;
				GCC_WARN_UNDECLARED_SELECTOR = YES;
				GCC_WARN_UNINITIALIZED_AUTOS = YES_AGGRESSIVE;
				GCC_WARN_UNUSED_FUNCTION = YES;
				GCC_WARN_UNUSED_VARIABLE = YES;
				IPHONEOS_DEPLOYMENT_TARGET = 11.0;
				MTL_ENABLE_DEBUG_INFO = YES;
				ONLY_ACTIVE_ARCH = YES;
				SDKROOT = iphoneos;
				SWIFT_ACTIVE_COMPILATION_CONDITIONS = DEBUG;
				SWIFT_OPTIMIZATION_LEVEL = "-Onone";
				TARGETED_DEVICE_FAMILY = "1,2";
			};
			name = Debug;
		};
		554A0B7E1F4745DF00C30FE6 /* Release */ = {
			isa = XCBuildConfiguration;
			buildSettings = {
				ALWAYS_SEARCH_USER_PATHS = NO;
				CLANG_ANALYZER_NONNULL = YES;
				CLANG_ANALYZER_NUMBER_OBJECT_CONVERSION = YES_AGGRESSIVE;
				CLANG_CXX_LANGUAGE_STANDARD = "gnu++0x";
				CLANG_CXX_LIBRARY = "libc++";
				CLANG_ENABLE_MODULES = YES;
				CLANG_ENABLE_OBJC_ARC = YES;
				CLANG_WARN_BLOCK_CAPTURE_AUTORELEASING = YES;
				CLANG_WARN_BOOL_CONVERSION = YES;
				CLANG_WARN_COMMA = YES;
				CLANG_WARN_CONSTANT_CONVERSION = YES;
				CLANG_WARN_DIRECT_OBJC_ISA_USAGE = YES_ERROR;
				CLANG_WARN_DOCUMENTATION_COMMENTS = YES;
				CLANG_WARN_EMPTY_BODY = YES;
				CLANG_WARN_ENUM_CONVERSION = YES;
				CLANG_WARN_INFINITE_RECURSION = YES;
				CLANG_WARN_INT_CONVERSION = YES;
				CLANG_WARN_NON_LITERAL_NULL_CONVERSION = YES;
				CLANG_WARN_OBJC_LITERAL_CONVERSION = YES;
				CLANG_WARN_OBJC_ROOT_CLASS = YES_ERROR;
				CLANG_WARN_RANGE_LOOP_ANALYSIS = YES;
				CLANG_WARN_STRICT_PROTOTYPES = YES;
				CLANG_WARN_SUSPICIOUS_MOVE = YES;
				CLANG_WARN_UNREACHABLE_CODE = YES;
				CLANG_WARN__DUPLICATE_METHOD_MATCH = YES;
				"CODE_SIGN_IDENTITY[sdk=iphoneos*]" = "iPhone Developer";
				COPY_PHASE_STRIP = NO;
				DEBUG_INFORMATION_FORMAT = "dwarf-with-dsym";
				ENABLE_NS_ASSERTIONS = NO;
				ENABLE_STRICT_OBJC_MSGSEND = YES;
				GCC_C_LANGUAGE_STANDARD = gnu99;
				GCC_NO_COMMON_BLOCKS = YES;
				GCC_WARN_64_TO_32_BIT_CONVERSION = YES;
				GCC_WARN_ABOUT_RETURN_TYPE = YES_ERROR;
				GCC_WARN_UNDECLARED_SELECTOR = YES;
				GCC_WARN_UNINITIALIZED_AUTOS = YES_AGGRESSIVE;
				GCC_WARN_UNUSED_FUNCTION = YES;
				GCC_WARN_UNUSED_VARIABLE = YES;
				IPHONEOS_DEPLOYMENT_TARGET = 11.0;
				MTL_ENABLE_DEBUG_INFO = NO;
				SDKROOT = iphoneos;
				SWIFT_OPTIMIZATION_LEVEL = "-Owholemodule";
				TARGETED_DEVICE_FAMILY = "1,2";
				VALIDATE_PRODUCT = YES;
			};
			name = Release;
		};
		554A0B801F4745DF00C30FE6 /* Debug */ = {
			isa = XCBuildConfiguration;
			baseConfigurationReference = BF462DE7D671DA0B1695C68E /* Pods-GetStartedSwift.debug.xcconfig */;
			buildSettings = {
				ALWAYS_EMBED_SWIFT_STANDARD_LIBRARIES = YES;
				ASSETCATALOG_COMPILER_APPICON_NAME = AppIcon;
				DEVELOPMENT_TEAM = X2YRCXRG35;
				INFOPLIST_FILE = "$(SRCROOT)/GetStartedSwift/Supporting Files/GetStartedSwift-Info.plist";
				IPHONEOS_DEPLOYMENT_TARGET = 11.2;
				LD_RUNPATH_SEARCH_PATHS = "$(inherited) @executable_path/Frameworks";
				PRODUCT_BUNDLE_IDENTIFIER = msolan.stanford.edu.myscript.iink.GetStartedSwift;
				PRODUCT_NAME = "$(TARGET_NAME)";
				SWIFT_OBJC_BRIDGING_HEADER = "GetStartedSwift/Supporting Files/GetStartedSwift-Bridging-Header.h";
				SWIFT_SWIFT3_OBJC_INFERENCE = On;
				SWIFT_VERSION = 4.0;
				WARNING_LDFLAGS = "-Weverything";
			};
			name = Debug;
		};
		554A0B811F4745DF00C30FE6 /* Release */ = {
			isa = XCBuildConfiguration;
			baseConfigurationReference = 167C03D40C50913424C09F30 /* Pods-GetStartedSwift.release.xcconfig */;
			buildSettings = {
				ALWAYS_EMBED_SWIFT_STANDARD_LIBRARIES = YES;
				ASSETCATALOG_COMPILER_APPICON_NAME = AppIcon;
				DEVELOPMENT_TEAM = X2YRCXRG35;
				INFOPLIST_FILE = "$(SRCROOT)/GetStartedSwift/Supporting Files/GetStartedSwift-Info.plist";
				IPHONEOS_DEPLOYMENT_TARGET = 11.2;
				LD_RUNPATH_SEARCH_PATHS = "$(inherited) @executable_path/Frameworks";
				PRODUCT_BUNDLE_IDENTIFIER = msolan.stanford.edu.myscript.iink.GetStartedSwift;
				PRODUCT_NAME = "$(TARGET_NAME)";
				SWIFT_OBJC_BRIDGING_HEADER = "GetStartedSwift/Supporting Files/GetStartedSwift-Bridging-Header.h";
				SWIFT_SWIFT3_OBJC_INFERENCE = On;
				SWIFT_VERSION = 4.0;
				WARNING_LDFLAGS = "-Weverything";
			};
			name = Release;
		};
/* End XCBuildConfiguration section */

/* Begin XCConfigurationList section */
		554A0B681F4745DF00C30FE6 /* Build configuration list for PBXProject "GetStartedSwift" */ = {
			isa = XCConfigurationList;
			buildConfigurations = (
				554A0B7D1F4745DF00C30FE6 /* Debug */,
				554A0B7E1F4745DF00C30FE6 /* Release */,
			);
			defaultConfigurationIsVisible = 0;
			defaultConfigurationName = Release;
		};
		554A0B7F1F4745DF00C30FE6 /* Build configuration list for PBXNativeTarget "GetStartedSwift" */ = {
			isa = XCConfigurationList;
			buildConfigurations = (
				554A0B801F4745DF00C30FE6 /* Debug */,
				554A0B811F4745DF00C30FE6 /* Release */,
			);
			defaultConfigurationIsVisible = 0;
			defaultConfigurationName = Release;
		};
/* End XCConfigurationList section */
	};
	rootObject = 554A0B651F4745DF00C30FE6 /* Project object */;
}
