// !$*UTF8*$!
{
	archiveVersion = 1;
	classes = {
	};
	objectVersion = 46;
	objects = {

/* Begin PBXBuildFile section */
		1BD102E9B691C4E127E399F4 /* libPods-GetStartedSwift.a in Frameworks */ = {isa = PBXBuildFile; fileRef = 8E0E461AFE44F3378F2D361C /* libPods-GetStartedSwift.a */; };
		554547B91F474987002C309C /* HomeViewController.swift in Sources */ = {isa = PBXBuildFile; fileRef = 554547B81F474987002C309C /* HomeViewController.swift */; };
		554547BB1F4B0367002C309C /* recognition-assets in Resources */ = {isa = PBXBuildFile; fileRef = 554547BA1F4B0367002C309C /* recognition-assets */; };
		554A0B761F4745DF00C30FE6 /* Main.storyboard in Resources */ = {isa = PBXBuildFile; fileRef = 554A0B741F4745DF00C30FE6 /* Main.storyboard */; };
		554A0B7B1F4745DF00C30FE6 /* LaunchScreen.storyboard in Resources */ = {isa = PBXBuildFile; fileRef = 554A0B791F4745DF00C30FE6 /* LaunchScreen.storyboard */; };
		55BCF1001F4746A80065868A /* AppDelegate.swift in Sources */ = {isa = PBXBuildFile; fileRef = 55BCF0E21F4746A80065868A /* AppDelegate.swift */; };
		55BCF1021F4746A80065868A /* Assets.xcassets in Resources */ = {isa = PBXBuildFile; fileRef = 55BCF0E81F4746A80065868A /* Assets.xcassets */; };
		E00AF66A20C4488B00730CD2 /* Java9ANTLRSemanticFixesWalker.swift in Sources */ = {isa = PBXBuildFile; fileRef = E00AF66920C4488B00730CD2 /* Java9ANTLRSemanticFixesWalker.swift */; };
		E03167C420B5ABE100620FED /* DataSet.swift in Sources */ = {isa = PBXBuildFile; fileRef = E03167C320B5ABE100620FED /* DataSet.swift */; };
		E084DF2E2030537D00C32ECC /* Antlr4.framework in Frameworks */ = {isa = PBXBuildFile; fileRef = E084DF2B203052F300C32ECC /* Antlr4.framework */; };
		E084DF3D2030541500C32ECC /* Java9Visitor.swift in Sources */ = {isa = PBXBuildFile; fileRef = E084DF302030541500C32ECC /* Java9Visitor.swift */; };
		E084DF3E2030541500C32ECC /* Java9Parser.swift in Sources */ = {isa = PBXBuildFile; fileRef = E084DF312030541500C32ECC /* Java9Parser.swift */; };
		E084DF3F2030541500C32ECC /* Java9LexerATN.swift in Sources */ = {isa = PBXBuildFile; fileRef = E084DF322030541500C32ECC /* Java9LexerATN.swift */; };
		E084DF402030541500C32ECC /* Java9ParserATN.swift in Sources */ = {isa = PBXBuildFile; fileRef = E084DF332030541500C32ECC /* Java9ParserATN.swift */; };
		E084DF412030541500C32ECC /* Java9Lexer.interp in Resources */ = {isa = PBXBuildFile; fileRef = E084DF342030541500C32ECC /* Java9Lexer.interp */; };
		E084DF422030541500C32ECC /* Java9.interp in Resources */ = {isa = PBXBuildFile; fileRef = E084DF352030541500C32ECC /* Java9.interp */; };
		E084DF432030541500C32ECC /* Java9BaseListener.swift in Sources */ = {isa = PBXBuildFile; fileRef = E084DF362030541500C32ECC /* Java9BaseListener.swift */; };
		E084DF442030541500C32ECC /* Java9BaseVisitor.swift in Sources */ = {isa = PBXBuildFile; fileRef = E084DF372030541500C32ECC /* Java9BaseVisitor.swift */; };
		E084DF452030541500C32ECC /* Java9.g4 in Resources */ = {isa = PBXBuildFile; fileRef = E084DF382030541500C32ECC /* Java9.g4 */; };
		E084DF462030541500C32ECC /* Java9Lexer.swift in Sources */ = {isa = PBXBuildFile; fileRef = E084DF392030541500C32ECC /* Java9Lexer.swift */; };
		E084DF472030541500C32ECC /* Java9Listener.swift in Sources */ = {isa = PBXBuildFile; fileRef = E084DF3A2030541500C32ECC /* Java9Listener.swift */; };
		E084DF482030541500C32ECC /* Java9Lexer.tokens in Resources */ = {isa = PBXBuildFile; fileRef = E084DF3B2030541500C32ECC /* Java9Lexer.tokens */; };
		E084DF492030541500C32ECC /* Java9.tokens in Resources */ = {isa = PBXBuildFile; fileRef = E084DF3C2030541500C32ECC /* Java9.tokens */; };
		E084DF50203058BB00C32ECC /* Antlr4.framework in Frameworks */ = {isa = PBXBuildFile; fileRef = E084DF2B203052F300C32ECC /* Antlr4.framework */; };
		E084DF51203058BB00C32ECC /* Antlr4.framework in Embed Frameworks */ = {isa = PBXBuildFile; fileRef = E084DF2B203052F300C32ECC /* Antlr4.framework */; settings = {ATTRIBUTES = (CodeSignOnCopy, RemoveHeadersOnCopy, ); }; };
		E0931B80203B462600B84863 /* MyCertificate.c in Sources */ = {isa = PBXBuildFile; fileRef = E0931B7C203B462600B84863 /* MyCertificate.c */; };
		E0931B83203C40C900B84863 /* Java9PrintRulesWalker.swift in Sources */ = {isa = PBXBuildFile; fileRef = E0931B82203C40C900B84863 /* Java9PrintRulesWalker.swift */; };
		E0931B8A203C91EF00B84863 /* ConvertedOutputViewController.swift in Sources */ = {isa = PBXBuildFile; fileRef = E0931B89203C91EF00B84863 /* ConvertedOutputViewController.swift */; };
		E0BB377520BD625D0041E75A /* LeetCodeChooseQuestionTableViewController.swift in Sources */ = {isa = PBXBuildFile; fileRef = E0BB377420BD625D0041E75A /* LeetCodeChooseQuestionTableViewController.swift */; };
		E0BB377A20BD628A0041E75A /* LeetCodeDataSet.swift in Sources */ = {isa = PBXBuildFile; fileRef = E0BB377920BD628A0041E75A /* LeetCodeDataSet.swift */; };
		E0BB377C20BD649D0041E75A /* LeetCodeQuestionTableViewCell.swift in Sources */ = {isa = PBXBuildFile; fileRef = E0BB377B20BD649D0041E75A /* LeetCodeQuestionTableViewCell.swift */; };
		E0BB378020BDA75B0041E75A /* LeetCodeQuestionTableViewCell.xib in Resources */ = {isa = PBXBuildFile; fileRef = E0BB377F20BDA75B0041E75A /* LeetCodeQuestionTableViewCell.xib */; };
		E0BB378220BEB5A10041E75A /* ExecutionCode.swift in Sources */ = {isa = PBXBuildFile; fileRef = E0BB378120BEB5A10041E75A /* ExecutionCode.swift */; };
		E0BB547D2038C84200F688B5 /* LoadFilesTableViewController.swift in Sources */ = {isa = PBXBuildFile; fileRef = E0BB547C2038C84200F688B5 /* LoadFilesTableViewController.swift */; };
		E0E7C6E920A83BB000E87D07 /* SettingsTableViewController.swift in Sources */ = {isa = PBXBuildFile; fileRef = E0E7C6E820A83BB000E87D07 /* SettingsTableViewController.swift */; };
		E0E7C6EB20A8C19E00E87D07 /* InjectionCandidateWordViewController.swift in Sources */ = {isa = PBXBuildFile; fileRef = E0E7C6EA20A8C19E00E87D07 /* InjectionCandidateWordViewController.swift */; };
		E0E7C72120AEDE3C00E87D07 /* ServerSettingsPropertyViewController.swift in Sources */ = {isa = PBXBuildFile; fileRef = E0E7C72020AEDE3B00E87D07 /* ServerSettingsPropertyViewController.swift */; };
/* End PBXBuildFile section */

/* Begin PBXContainerItemProxy section */
		E084DF28203052F300C32ECC /* PBXContainerItemProxy */ = {
			isa = PBXContainerItemProxy;
			containerPortal = E084DF21203052F200C32ECC /* Antlr4.xcodeproj */;
			proxyType = 2;
			remoteGlobalIDString = "Antlr4::Antlr4Tests::Product";
			remoteInfo = Antlr4Tests;
		};
		E084DF2A203052F300C32ECC /* PBXContainerItemProxy */ = {
			isa = PBXContainerItemProxy;
			containerPortal = E084DF21203052F200C32ECC /* Antlr4.xcodeproj */;
			proxyType = 2;
			remoteGlobalIDString = "Antlr4::Antlr4::Product";
			remoteInfo = Antlr4;
		};
		E084DF2C2030537200C32ECC /* PBXContainerItemProxy */ = {
			isa = PBXContainerItemProxy;
			containerPortal = E084DF21203052F200C32ECC /* Antlr4.xcodeproj */;
			proxyType = 1;
			remoteGlobalIDString = "Antlr4::Antlr4";
			remoteInfo = Antlr4;
		};
		E084DF52203058BB00C32ECC /* PBXContainerItemProxy */ = {
			isa = PBXContainerItemProxy;
			containerPortal = E084DF21203052F200C32ECC /* Antlr4.xcodeproj */;
			proxyType = 1;
			remoteGlobalIDString = "Antlr4::Antlr4";
			remoteInfo = Antlr4;
		};
/* End PBXContainerItemProxy section */

/* Begin PBXCopyFilesBuildPhase section */
		E084DF54203058BC00C32ECC /* Embed Frameworks */ = {
			isa = PBXCopyFilesBuildPhase;
			buildActionMask = 2147483647;
			dstPath = "";
			dstSubfolderSpec = 10;
			files = (
				E084DF51203058BB00C32ECC /* Antlr4.framework in Embed Frameworks */,
			);
			name = "Embed Frameworks";
			runOnlyForDeploymentPostprocessing = 0;
		};
/* End PBXCopyFilesBuildPhase section */

/* Begin PBXFileReference section */
		167C03D40C50913424C09F30 /* Pods-GetStartedSwift.release.xcconfig */ = {isa = PBXFileReference; includeInIndex = 1; lastKnownFileType = text.xcconfig; name = "Pods-GetStartedSwift.release.xcconfig"; path = "Pods/Target Support Files/Pods-GetStartedSwift/Pods-GetStartedSwift.release.xcconfig"; sourceTree = "<group>"; };
		554547B81F474987002C309C /* HomeViewController.swift */ = {isa = PBXFileReference; fileEncoding = 4; lastKnownFileType = sourcecode.swift; path = HomeViewController.swift; sourceTree = "<group>"; };
		554547BA1F4B0367002C309C /* recognition-assets */ = {isa = PBXFileReference; lastKnownFileType = folder; path = "recognition-assets"; sourceTree = "<group>"; };
		554A0B6D1F4745DF00C30FE6 /* GetStartedSwift.app */ = {isa = PBXFileReference; explicitFileType = wrapper.application; includeInIndex = 0; path = GetStartedSwift.app; sourceTree = BUILT_PRODUCTS_DIR; };
		554A0B751F4745DF00C30FE6 /* Base */ = {isa = PBXFileReference; lastKnownFileType = file.storyboard; name = Base; path = Base.lproj/Main.storyboard; sourceTree = "<group>"; };
		554A0B7A1F4745DF00C30FE6 /* Base */ = {isa = PBXFileReference; lastKnownFileType = file.storyboard; name = Base; path = Base.lproj/LaunchScreen.storyboard; sourceTree = "<group>"; };
		55BCF0E21F4746A80065868A /* AppDelegate.swift */ = {isa = PBXFileReference; fileEncoding = 4; lastKnownFileType = sourcecode.swift; path = AppDelegate.swift; sourceTree = "<group>"; };
		55BCF0E81F4746A80065868A /* Assets.xcassets */ = {isa = PBXFileReference; lastKnownFileType = folder.assetcatalog; path = Assets.xcassets; sourceTree = "<group>"; };
		55BCF0FA1F4746A80065868A /* GetStartedSwift-Info.plist */ = {isa = PBXFileReference; fileEncoding = 4; lastKnownFileType = text.plist.xml; path = "GetStartedSwift-Info.plist"; sourceTree = "<group>"; };
		55BCF0FE1F4746A80065868A /* MyCertificate.h */ = {isa = PBXFileReference; fileEncoding = 4; lastKnownFileType = sourcecode.c.h; path = MyCertificate.h; sourceTree = "<group>"; };
		55BCF1121F4747200065868A /* GetStartedSwift-Bridging-Header.h */ = {isa = PBXFileReference; fileEncoding = 4; lastKnownFileType = sourcecode.c.h; path = "GetStartedSwift-Bridging-Header.h"; sourceTree = "<group>"; };
		8E0E461AFE44F3378F2D361C /* libPods-GetStartedSwift.a */ = {isa = PBXFileReference; explicitFileType = archive.ar; includeInIndex = 0; path = "libPods-GetStartedSwift.a"; sourceTree = BUILT_PRODUCTS_DIR; };
		BF462DE7D671DA0B1695C68E /* Pods-GetStartedSwift.debug.xcconfig */ = {isa = PBXFileReference; includeInIndex = 1; lastKnownFileType = text.xcconfig; name = "Pods-GetStartedSwift.debug.xcconfig"; path = "Pods/Target Support Files/Pods-GetStartedSwift/Pods-GetStartedSwift.debug.xcconfig"; sourceTree = "<group>"; };
		E00AF66920C4488B00730CD2 /* Java9ANTLRSemanticFixesWalker.swift */ = {isa = PBXFileReference; lastKnownFileType = sourcecode.swift; path = Java9ANTLRSemanticFixesWalker.swift; sourceTree = "<group>"; };
		E03167C320B5ABE100620FED /* DataSet.swift */ = {isa = PBXFileReference; lastKnownFileType = sourcecode.swift; path = DataSet.swift; sourceTree = "<group>"; };
		E084DF21203052F200C32ECC /* Antlr4.xcodeproj */ = {isa = PBXFileReference; lastKnownFileType = "wrapper.pb-project"; name = Antlr4.xcodeproj; path = ../../../antlr4/runtime/Swift/Antlr4.xcodeproj; sourceTree = "<group>"; };
		E084DF302030541500C32ECC /* Java9Visitor.swift */ = {isa = PBXFileReference; fileEncoding = 4; lastKnownFileType = sourcecode.swift; path = Java9Visitor.swift; sourceTree = "<group>"; };
		E084DF312030541500C32ECC /* Java9Parser.swift */ = {isa = PBXFileReference; fileEncoding = 4; lastKnownFileType = sourcecode.swift; path = Java9Parser.swift; sourceTree = "<group>"; };
		E084DF322030541500C32ECC /* Java9LexerATN.swift */ = {isa = PBXFileReference; fileEncoding = 4; lastKnownFileType = sourcecode.swift; path = Java9LexerATN.swift; sourceTree = "<group>"; };
		E084DF332030541500C32ECC /* Java9ParserATN.swift */ = {isa = PBXFileReference; fileEncoding = 4; lastKnownFileType = sourcecode.swift; path = Java9ParserATN.swift; sourceTree = "<group>"; };
		E084DF342030541500C32ECC /* Java9Lexer.interp */ = {isa = PBXFileReference; fileEncoding = 4; lastKnownFileType = text; path = Java9Lexer.interp; sourceTree = "<group>"; };
		E084DF352030541500C32ECC /* Java9.interp */ = {isa = PBXFileReference; fileEncoding = 4; lastKnownFileType = text; path = Java9.interp; sourceTree = "<group>"; };
		E084DF362030541500C32ECC /* Java9BaseListener.swift */ = {isa = PBXFileReference; fileEncoding = 4; lastKnownFileType = sourcecode.swift; path = Java9BaseListener.swift; sourceTree = "<group>"; };
		E084DF372030541500C32ECC /* Java9BaseVisitor.swift */ = {isa = PBXFileReference; fileEncoding = 4; lastKnownFileType = sourcecode.swift; path = Java9BaseVisitor.swift; sourceTree = "<group>"; };
		E084DF382030541500C32ECC /* Java9.g4 */ = {isa = PBXFileReference; fileEncoding = 4; lastKnownFileType = text; path = Java9.g4; sourceTree = "<group>"; };
		E084DF392030541500C32ECC /* Java9Lexer.swift */ = {isa = PBXFileReference; fileEncoding = 4; lastKnownFileType = sourcecode.swift; path = Java9Lexer.swift; sourceTree = "<group>"; };
		E084DF3A2030541500C32ECC /* Java9Listener.swift */ = {isa = PBXFileReference; fileEncoding = 4; lastKnownFileType = sourcecode.swift; path = Java9Listener.swift; sourceTree = "<group>"; };
		E084DF3B2030541500C32ECC /* Java9Lexer.tokens */ = {isa = PBXFileReference; fileEncoding = 4; lastKnownFileType = text; path = Java9Lexer.tokens; sourceTree = "<group>"; };
		E084DF3C2030541500C32ECC /* Java9.tokens */ = {isa = PBXFileReference; fileEncoding = 4; lastKnownFileType = text; path = Java9.tokens; sourceTree = "<group>"; };
		E0931B7C203B462600B84863 /* MyCertificate.c */ = {isa = PBXFileReference; fileEncoding = 4; lastKnownFileType = sourcecode.c.c; path = MyCertificate.c; sourceTree = "<group>"; };
		E0931B82203C40C900B84863 /* Java9PrintRulesWalker.swift */ = {isa = PBXFileReference; lastKnownFileType = sourcecode.swift; path = Java9PrintRulesWalker.swift; sourceTree = "<group>"; };
		E0931B89203C91EF00B84863 /* ConvertedOutputViewController.swift */ = {isa = PBXFileReference; lastKnownFileType = sourcecode.swift; path = ConvertedOutputViewController.swift; sourceTree = "<group>"; };
		E0BB377420BD625D0041E75A /* LeetCodeChooseQuestionTableViewController.swift */ = {isa = PBXFileReference; lastKnownFileType = sourcecode.swift; path = LeetCodeChooseQuestionTableViewController.swift; sourceTree = "<group>"; };
		E0BB377920BD628A0041E75A /* LeetCodeDataSet.swift */ = {isa = PBXFileReference; lastKnownFileType = sourcecode.swift; path = LeetCodeDataSet.swift; sourceTree = "<group>"; };
		E0BB377B20BD649D0041E75A /* LeetCodeQuestionTableViewCell.swift */ = {isa = PBXFileReference; lastKnownFileType = sourcecode.swift; path = LeetCodeQuestionTableViewCell.swift; sourceTree = "<group>"; };
		E0BB377F20BDA75B0041E75A /* LeetCodeQuestionTableViewCell.xib */ = {isa = PBXFileReference; lastKnownFileType = file.xib; path = LeetCodeQuestionTableViewCell.xib; sourceTree = "<group>"; };
		E0BB378120BEB5A10041E75A /* ExecutionCode.swift */ = {isa = PBXFileReference; lastKnownFileType = sourcecode.swift; path = ExecutionCode.swift; sourceTree = "<group>"; };
		E0BB547C2038C84200F688B5 /* LoadFilesTableViewController.swift */ = {isa = PBXFileReference; lastKnownFileType = sourcecode.swift; path = LoadFilesTableViewController.swift; sourceTree = "<group>"; };
		E0E7C6E820A83BB000E87D07 /* SettingsTableViewController.swift */ = {isa = PBXFileReference; lastKnownFileType = sourcecode.swift; path = SettingsTableViewController.swift; sourceTree = "<group>"; };
		E0E7C6EA20A8C19E00E87D07 /* InjectionCandidateWordViewController.swift */ = {isa = PBXFileReference; lastKnownFileType = sourcecode.swift; path = InjectionCandidateWordViewController.swift; sourceTree = "<group>"; };
		E0E7C71C20AED04A00E87D07 /* libNMSSH.a */ = {isa = PBXFileReference; explicitFileType = archive.ar; path = libNMSSH.a; sourceTree = BUILT_PRODUCTS_DIR; };
		E0E7C72020AEDE3B00E87D07 /* ServerSettingsPropertyViewController.swift */ = {isa = PBXFileReference; lastKnownFileType = sourcecode.swift; path = ServerSettingsPropertyViewController.swift; sourceTree = "<group>"; };
/* End PBXFileReference section */

/* Begin PBXFrameworksBuildPhase section */
		554A0B6A1F4745DF00C30FE6 /* Frameworks */ = {
			isa = PBXFrameworksBuildPhase;
			buildActionMask = 2147483647;
			files = (
				E084DF2E2030537D00C32ECC /* Antlr4.framework in Frameworks */,
				1BD102E9B691C4E127E399F4 /* libPods-GetStartedSwift.a in Frameworks */,
				E084DF50203058BB00C32ECC /* Antlr4.framework in Frameworks */,
			);
			runOnlyForDeploymentPostprocessing = 0;
		};
/* End PBXFrameworksBuildPhase section */

/* Begin PBXGroup section */
		540D384C58358E2672B2EDCA /* Pods */ = {
			isa = PBXGroup;
			children = (
				BF462DE7D671DA0B1695C68E /* Pods-GetStartedSwift.debug.xcconfig */,
				167C03D40C50913424C09F30 /* Pods-GetStartedSwift.release.xcconfig */,
			);
			name = Pods;
			sourceTree = "<group>";
		};
		554A0B641F4745DF00C30FE6 = {
			isa = PBXGroup;
			children = (
				E084DF21203052F200C32ECC /* Antlr4.xcodeproj */,
				E084DF2F2030541500C32ECC /* Java Compiler */,
				554A0B6F1F4745DF00C30FE6 /* GetStartedSwift */,
				554A0B6E1F4745DF00C30FE6 /* Products */,
				540D384C58358E2672B2EDCA /* Pods */,
				82E49F805BFAE545CA8D0136 /* Frameworks */,
				E0931B77203B447C00B84863 /* Recovered References */,
			);
			indentWidth = 4;
			sourceTree = "<group>";
			tabWidth = 4;
		};
		554A0B6E1F4745DF00C30FE6 /* Products */ = {
			isa = PBXGroup;
			children = (
				554A0B6D1F4745DF00C30FE6 /* GetStartedSwift.app */,
			);
			name = Products;
			sourceTree = "<group>";
		};
		554A0B6F1F4745DF00C30FE6 /* GetStartedSwift */ = {
			isa = PBXGroup;
			children = (
				55BCF0FC1F4746A80065868A /* MyScriptCertificate */,
				55BCF0DF1F4746A80065868A /* Classes */,
				55BCF0E71F4746A80065868A /* Resources */,
				55BCF0F91F4746A80065868A /* Supporting Files */,
				554A0B741F4745DF00C30FE6 /* Main.storyboard */,
				554A0B791F4745DF00C30FE6 /* LaunchScreen.storyboard */,
			);
			path = GetStartedSwift;
			sourceTree = "<group>";
		};
		55BCF0DF1F4746A80065868A /* Classes */ = {
			isa = PBXGroup;
			children = (
				55BCF0E21F4746A80065868A /* AppDelegate.swift */,
				55BCF0E41F4746A80065868A /* Home */,
			);
			path = Classes;
			sourceTree = "<group>";
		};
		55BCF0E41F4746A80065868A /* Home */ = {
			isa = PBXGroup;
			children = (
				554547B81F474987002C309C /* HomeViewController.swift */,
				E03167C320B5ABE100620FED /* DataSet.swift */,
				E0E7C6E820A83BB000E87D07 /* SettingsTableViewController.swift */,
				E0BB547C2038C84200F688B5 /* LoadFilesTableViewController.swift */,
				E0931B89203C91EF00B84863 /* ConvertedOutputViewController.swift */,
				E0E7C6EA20A8C19E00E87D07 /* InjectionCandidateWordViewController.swift */,
				E0E7C72020AEDE3B00E87D07 /* ServerSettingsPropertyViewController.swift */,
				E0BB377420BD625D0041E75A /* LeetCodeChooseQuestionTableViewController.swift */,
				E0BB377920BD628A0041E75A /* LeetCodeDataSet.swift */,
				E0BB377B20BD649D0041E75A /* LeetCodeQuestionTableViewCell.swift */,
				E0BB377F20BDA75B0041E75A /* LeetCodeQuestionTableViewCell.xib */,
				E0BB378120BEB5A10041E75A /* ExecutionCode.swift */,
			);
			path = Home;
			sourceTree = "<group>";
		};
		55BCF0E71F4746A80065868A /* Resources */ = {
			isa = PBXGroup;
			children = (
				554547BA1F4B0367002C309C /* recognition-assets */,
				55BCF0E81F4746A80065868A /* Assets.xcassets */,
			);
			path = Resources;
			sourceTree = "<group>";
		};
		55BCF0F91F4746A80065868A /* Supporting Files */ = {
			isa = PBXGroup;
			children = (
				55BCF1121F4747200065868A /* GetStartedSwift-Bridging-Header.h */,
				55BCF0FA1F4746A80065868A /* GetStartedSwift-Info.plist */,
			);
			path = "Supporting Files";
			sourceTree = "<group>";
		};
		55BCF0FC1F4746A80065868A /* MyScriptCertificate */ = {
			isa = PBXGroup;
			children = (
				E0931B7C203B462600B84863 /* MyCertificate.c */,
				55BCF0FE1F4746A80065868A /* MyCertificate.h */,
			);
			path = MyScriptCertificate;
			sourceTree = "<group>";
		};
		82E49F805BFAE545CA8D0136 /* Frameworks */ = {
			isa = PBXGroup;
			children = (
				E0E7C71C20AED04A00E87D07 /* libNMSSH.a */,
				8E0E461AFE44F3378F2D361C /* libPods-GetStartedSwift.a */,
			);
			name = Frameworks;
			sourceTree = "<group>";
		};
		E084DF22203052F200C32ECC /* Products */ = {
			isa = PBXGroup;
			children = (
				E084DF29203052F300C32ECC /* Antlr4Tests.xctest */,
				E084DF2B203052F300C32ECC /* Antlr4.framework */,
			);
			name = Products;
			sourceTree = "<group>";
		};
		E084DF2F2030541500C32ECC /* Java Compiler */ = {
			isa = PBXGroup;
			children = (
				E084DF302030541500C32ECC /* Java9Visitor.swift */,
				E084DF312030541500C32ECC /* Java9Parser.swift */,
				E084DF322030541500C32ECC /* Java9LexerATN.swift */,
				E084DF332030541500C32ECC /* Java9ParserATN.swift */,
				E084DF342030541500C32ECC /* Java9Lexer.interp */,
				E084DF352030541500C32ECC /* Java9.interp */,
				E084DF362030541500C32ECC /* Java9BaseListener.swift */,
				E084DF372030541500C32ECC /* Java9BaseVisitor.swift */,
				E084DF382030541500C32ECC /* Java9.g4 */,
				E084DF392030541500C32ECC /* Java9Lexer.swift */,
				E084DF3A2030541500C32ECC /* Java9Listener.swift */,
				E084DF3B2030541500C32ECC /* Java9Lexer.tokens */,
				E084DF3C2030541500C32ECC /* Java9.tokens */,
				E0931B82203C40C900B84863 /* Java9PrintRulesWalker.swift */,
				E00AF66920C4488B00730CD2 /* Java9ANTLRSemanticFixesWalker.swift */,
			);
			path = "Java Compiler";
			sourceTree = "<group>";
		};
		E0931B77203B447C00B84863 /* Recovered References */ = {
			isa = PBXGroup;
			children = (
			);
			name = "Recovered References";
			sourceTree = "<group>";
		};
/* End PBXGroup section */

/* Begin PBXNativeTarget section */
		554A0B6C1F4745DF00C30FE6 /* GetStartedSwift */ = {
			isa = PBXNativeTarget;
			buildConfigurationList = 554A0B7F1F4745DF00C30FE6 /* Build configuration list for PBXNativeTarget "GetStartedSwift" */;
			buildPhases = (
				86BC72EA8420301614FE165E /* [CP] Check Pods Manifest.lock */,
				554547BC1F4B07E0002C309C /* ShellScript */,
				554A0B691F4745DF00C30FE6 /* Sources */,
				554A0B6A1F4745DF00C30FE6 /* Frameworks */,
				554A0B6B1F4745DF00C30FE6 /* Resources */,
				E084DF54203058BC00C32ECC /* Embed Frameworks */,
				23C2500F06045D105E0ED0EA /* [CP] Copy Pods Resources */,
			);
			buildRules = (
			);
			dependencies = (
				E084DF2D2030537200C32ECC /* PBXTargetDependency */,
				E084DF53203058BB00C32ECC /* PBXTargetDependency */,
			);
			name = GetStartedSwift;
			productName = GetStartedSwift;
			productReference = 554A0B6D1F4745DF00C30FE6 /* GetStartedSwift.app */;
			productType = "com.apple.product-type.application";
		};
/* End PBXNativeTarget section */

/* Begin PBXProject section */
		554A0B651F4745DF00C30FE6 /* Project object */ = {
			isa = PBXProject;
			attributes = {
				LastSwiftUpdateCheck = 0830;
				LastUpgradeCheck = 0920;
				ORGANIZATIONNAME = MyScript;
				TargetAttributes = {
					554A0B6C1F4745DF00C30FE6 = {
						CreatedOnToolsVersion = 8.3.3;
						DevelopmentTeam = X2YRCXRG35;
						LastSwiftMigration = 0920;
						ProvisioningStyle = Automatic;
					};
				};
			};
			buildConfigurationList = 554A0B681F4745DF00C30FE6 /* Build configuration list for PBXProject "GetStartedSwift" */;
			compatibilityVersion = "Xcode 3.2";
			developmentRegion = English;
			hasScannedForEncodings = 0;
			knownRegions = (
				en,
				Base,
			);
			mainGroup = 554A0B641F4745DF00C30FE6;
			productRefGroup = 554A0B6E1F4745DF00C30FE6 /* Products */;
			projectDirPath = "";
			projectReferences = (
				{
					ProductGroup = E084DF22203052F200C32ECC /* Products */;
					ProjectRef = E084DF21203052F200C32ECC /* Antlr4.xcodeproj */;
				},
			);
			projectRoot = "";
			targets = (
				554A0B6C1F4745DF00C30FE6 /* GetStartedSwift */,
			);
		};
/* End PBXProject section */

/* Begin PBXReferenceProxy section */
		E084DF29203052F300C32ECC /* Antlr4Tests.xctest */ = {
			isa = PBXReferenceProxy;
			fileType = wrapper.cfbundle;
			path = Antlr4Tests.xctest;
			remoteRef = E084DF28203052F300C32ECC /* PBXContainerItemProxy */;
			sourceTree = BUILT_PRODUCTS_DIR;
		};
		E084DF2B203052F300C32ECC /* Antlr4.framework */ = {
			isa = PBXReferenceProxy;
			fileType = wrapper.framework;
			path = Antlr4.framework;
			remoteRef = E084DF2A203052F300C32ECC /* PBXContainerItemProxy */;
			sourceTree = BUILT_PRODUCTS_DIR;
		};
/* End PBXReferenceProxy section */

/* Begin PBXResourcesBuildPhase section */
		554A0B6B1F4745DF00C30FE6 /* Resources */ = {
			isa = PBXResourcesBuildPhase;
			buildActionMask = 2147483647;
			files = (
				554547BB1F4B0367002C309C /* recognition-assets in Resources */,
				554A0B7B1F4745DF00C30FE6 /* LaunchScreen.storyboard in Resources */,
				E084DF452030541500C32ECC /* Java9.g4 in Resources */,
				55BCF1021F4746A80065868A /* Assets.xcassets in Resources */,
				E084DF422030541500C32ECC /* Java9.interp in Resources */,
				E084DF492030541500C32ECC /* Java9.tokens in Resources */,
				E0BB378020BDA75B0041E75A /* LeetCodeQuestionTableViewCell.xib in Resources */,
				554A0B761F4745DF00C30FE6 /* Main.storyboard in Resources */,
				E084DF482030541500C32ECC /* Java9Lexer.tokens in Resources */,
				E084DF412030541500C32ECC /* Java9Lexer.interp in Resources */,
			);
			runOnlyForDeploymentPostprocessing = 0;
		};
/* End PBXResourcesBuildPhase section */

/* Begin PBXShellScriptBuildPhase section */
		23C2500F06045D105E0ED0EA /* [CP] Copy Pods Resources */ = {
			isa = PBXShellScriptBuildPhase;
			buildActionMask = 2147483647;
			files = (
			);
			inputPaths = (
				"${SRCROOT}/Pods/Target Support Files/Pods-GetStartedSwift/Pods-GetStartedSwift-resources.sh",
				"${PODS_ROOT}/Highlightr/Pod/Assets/Highlighter/highlight.min.js",
				"${PODS_ROOT}/Highlightr/Pod/Assets/Highlighter/languages/1c.min.js",
				"${PODS_ROOT}/Highlightr/Pod/Assets/Highlighter/languages/abnf.min.js",
				"${PODS_ROOT}/Highlightr/Pod/Assets/Highlighter/languages/accesslog.min.js",
				"${PODS_ROOT}/Highlightr/Pod/Assets/Highlighter/languages/actionscript.min.js",
				"${PODS_ROOT}/Highlightr/Pod/Assets/Highlighter/languages/ada.min.js",
				"${PODS_ROOT}/Highlightr/Pod/Assets/Highlighter/languages/apache.min.js",
				"${PODS_ROOT}/Highlightr/Pod/Assets/Highlighter/languages/applescript.min.js",
				"${PODS_ROOT}/Highlightr/Pod/Assets/Highlighter/languages/arduino.min.js",
				"${PODS_ROOT}/Highlightr/Pod/Assets/Highlighter/languages/armasm.min.js",
				"${PODS_ROOT}/Highlightr/Pod/Assets/Highlighter/languages/asciidoc.min.js",
				"${PODS_ROOT}/Highlightr/Pod/Assets/Highlighter/languages/aspectj.min.js",
				"${PODS_ROOT}/Highlightr/Pod/Assets/Highlighter/languages/autohotkey.min.js",
				"${PODS_ROOT}/Highlightr/Pod/Assets/Highlighter/languages/autoit.min.js",
				"${PODS_ROOT}/Highlightr/Pod/Assets/Highlighter/languages/avrasm.min.js",
				"${PODS_ROOT}/Highlightr/Pod/Assets/Highlighter/languages/awk.min.js",
				"${PODS_ROOT}/Highlightr/Pod/Assets/Highlighter/languages/axapta.min.js",
				"${PODS_ROOT}/Highlightr/Pod/Assets/Highlighter/languages/bash.min.js",
				"${PODS_ROOT}/Highlightr/Pod/Assets/Highlighter/languages/basic.min.js",
				"${PODS_ROOT}/Highlightr/Pod/Assets/Highlighter/languages/bnf.min.js",
				"${PODS_ROOT}/Highlightr/Pod/Assets/Highlighter/languages/brainfuck.min.js",
				"${PODS_ROOT}/Highlightr/Pod/Assets/Highlighter/languages/cal.min.js",
				"${PODS_ROOT}/Highlightr/Pod/Assets/Highlighter/languages/capnproto.min.js",
				"${PODS_ROOT}/Highlightr/Pod/Assets/Highlighter/languages/ceylon.min.js",
				"${PODS_ROOT}/Highlightr/Pod/Assets/Highlighter/languages/clean.min.js",
				"${PODS_ROOT}/Highlightr/Pod/Assets/Highlighter/languages/clojure-repl.min.js",
				"${PODS_ROOT}/Highlightr/Pod/Assets/Highlighter/languages/clojure.min.js",
				"${PODS_ROOT}/Highlightr/Pod/Assets/Highlighter/languages/cmake.min.js",
				"${PODS_ROOT}/Highlightr/Pod/Assets/Highlighter/languages/coffeescript.min.js",
				"${PODS_ROOT}/Highlightr/Pod/Assets/Highlighter/languages/coq.min.js",
				"${PODS_ROOT}/Highlightr/Pod/Assets/Highlighter/languages/cos.min.js",
				"${PODS_ROOT}/Highlightr/Pod/Assets/Highlighter/languages/cpp.min.js",
				"${PODS_ROOT}/Highlightr/Pod/Assets/Highlighter/languages/crmsh.min.js",
				"${PODS_ROOT}/Highlightr/Pod/Assets/Highlighter/languages/crystal.min.js",
				"${PODS_ROOT}/Highlightr/Pod/Assets/Highlighter/languages/cs.min.js",
				"${PODS_ROOT}/Highlightr/Pod/Assets/Highlighter/languages/csp.min.js",
				"${PODS_ROOT}/Highlightr/Pod/Assets/Highlighter/languages/css.min.js",
				"${PODS_ROOT}/Highlightr/Pod/Assets/Highlighter/languages/d.min.js",
				"${PODS_ROOT}/Highlightr/Pod/Assets/Highlighter/languages/dart.min.js",
				"${PODS_ROOT}/Highlightr/Pod/Assets/Highlighter/languages/delphi.min.js",
				"${PODS_ROOT}/Highlightr/Pod/Assets/Highlighter/languages/diff.min.js",
				"${PODS_ROOT}/Highlightr/Pod/Assets/Highlighter/languages/django.min.js",
				"${PODS_ROOT}/Highlightr/Pod/Assets/Highlighter/languages/dns.min.js",
				"${PODS_ROOT}/Highlightr/Pod/Assets/Highlighter/languages/dockerfile.min.js",
				"${PODS_ROOT}/Highlightr/Pod/Assets/Highlighter/languages/dos.min.js",
				"${PODS_ROOT}/Highlightr/Pod/Assets/Highlighter/languages/dsconfig.min.js",
				"${PODS_ROOT}/Highlightr/Pod/Assets/Highlighter/languages/dts.min.js",
				"${PODS_ROOT}/Highlightr/Pod/Assets/Highlighter/languages/dust.min.js",
				"${PODS_ROOT}/Highlightr/Pod/Assets/Highlighter/languages/ebnf.min.js",
				"${PODS_ROOT}/Highlightr/Pod/Assets/Highlighter/languages/elixir.min.js",
				"${PODS_ROOT}/Highlightr/Pod/Assets/Highlighter/languages/elm.min.js",
				"${PODS_ROOT}/Highlightr/Pod/Assets/Highlighter/languages/erb.min.js",
				"${PODS_ROOT}/Highlightr/Pod/Assets/Highlighter/languages/erlang-repl.min.js",
				"${PODS_ROOT}/Highlightr/Pod/Assets/Highlighter/languages/erlang.min.js",
				"${PODS_ROOT}/Highlightr/Pod/Assets/Highlighter/languages/excel.min.js",
				"${PODS_ROOT}/Highlightr/Pod/Assets/Highlighter/languages/fix.min.js",
				"${PODS_ROOT}/Highlightr/Pod/Assets/Highlighter/languages/flix.min.js",
				"${PODS_ROOT}/Highlightr/Pod/Assets/Highlighter/languages/fortran.min.js",
				"${PODS_ROOT}/Highlightr/Pod/Assets/Highlighter/languages/fsharp.min.js",
				"${PODS_ROOT}/Highlightr/Pod/Assets/Highlighter/languages/gams.min.js",
				"${PODS_ROOT}/Highlightr/Pod/Assets/Highlighter/languages/gauss.min.js",
				"${PODS_ROOT}/Highlightr/Pod/Assets/Highlighter/languages/gcode.min.js",
				"${PODS_ROOT}/Highlightr/Pod/Assets/Highlighter/languages/gherkin.min.js",
				"${PODS_ROOT}/Highlightr/Pod/Assets/Highlighter/languages/glsl.min.js",
				"${PODS_ROOT}/Highlightr/Pod/Assets/Highlighter/languages/go.min.js",
				"${PODS_ROOT}/Highlightr/Pod/Assets/Highlighter/languages/golo.min.js",
				"${PODS_ROOT}/Highlightr/Pod/Assets/Highlighter/languages/gradle.min.js",
				"${PODS_ROOT}/Highlightr/Pod/Assets/Highlighter/languages/groovy.min.js",
				"${PODS_ROOT}/Highlightr/Pod/Assets/Highlighter/languages/haml.min.js",
				"${PODS_ROOT}/Highlightr/Pod/Assets/Highlighter/languages/handlebars.min.js",
				"${PODS_ROOT}/Highlightr/Pod/Assets/Highlighter/languages/haskell.min.js",
				"${PODS_ROOT}/Highlightr/Pod/Assets/Highlighter/languages/haxe.min.js",
				"${PODS_ROOT}/Highlightr/Pod/Assets/Highlighter/languages/hsp.min.js",
				"${PODS_ROOT}/Highlightr/Pod/Assets/Highlighter/languages/htmlbars.min.js",
				"${PODS_ROOT}/Highlightr/Pod/Assets/Highlighter/languages/http.min.js",
				"${PODS_ROOT}/Highlightr/Pod/Assets/Highlighter/languages/hy.min.js",
				"${PODS_ROOT}/Highlightr/Pod/Assets/Highlighter/languages/inform7.min.js",
				"${PODS_ROOT}/Highlightr/Pod/Assets/Highlighter/languages/ini.min.js",
				"${PODS_ROOT}/Highlightr/Pod/Assets/Highlighter/languages/irpf90.min.js",
				"${PODS_ROOT}/Highlightr/Pod/Assets/Highlighter/languages/java.min.js",
				"${PODS_ROOT}/Highlightr/Pod/Assets/Highlighter/languages/javascript.min.js",
				"${PODS_ROOT}/Highlightr/Pod/Assets/Highlighter/languages/jboss-cli.min.js",
				"${PODS_ROOT}/Highlightr/Pod/Assets/Highlighter/languages/json.min.js",
				"${PODS_ROOT}/Highlightr/Pod/Assets/Highlighter/languages/julia-repl.min.js",
				"${PODS_ROOT}/Highlightr/Pod/Assets/Highlighter/languages/julia.min.js",
				"${PODS_ROOT}/Highlightr/Pod/Assets/Highlighter/languages/kotlin.min.js",
				"${PODS_ROOT}/Highlightr/Pod/Assets/Highlighter/languages/lasso.min.js",
				"${PODS_ROOT}/Highlightr/Pod/Assets/Highlighter/languages/ldif.min.js",
				"${PODS_ROOT}/Highlightr/Pod/Assets/Highlighter/languages/leaf.min.js",
				"${PODS_ROOT}/Highlightr/Pod/Assets/Highlighter/languages/less.min.js",
				"${PODS_ROOT}/Highlightr/Pod/Assets/Highlighter/languages/lisp.min.js",
				"${PODS_ROOT}/Highlightr/Pod/Assets/Highlighter/languages/livecodeserver.min.js",
				"${PODS_ROOT}/Highlightr/Pod/Assets/Highlighter/languages/livescript.min.js",
				"${PODS_ROOT}/Highlightr/Pod/Assets/Highlighter/languages/llvm.min.js",
				"${PODS_ROOT}/Highlightr/Pod/Assets/Highlighter/languages/lsl.min.js",
				"${PODS_ROOT}/Highlightr/Pod/Assets/Highlighter/languages/lua.min.js",
				"${PODS_ROOT}/Highlightr/Pod/Assets/Highlighter/languages/makefile.min.js",
				"${PODS_ROOT}/Highlightr/Pod/Assets/Highlighter/languages/markdown.min.js",
				"${PODS_ROOT}/Highlightr/Pod/Assets/Highlighter/languages/mathematica.min.js",
				"${PODS_ROOT}/Highlightr/Pod/Assets/Highlighter/languages/matlab.min.js",
				"${PODS_ROOT}/Highlightr/Pod/Assets/Highlighter/languages/maxima.min.js",
				"${PODS_ROOT}/Highlightr/Pod/Assets/Highlighter/languages/mel.min.js",
				"${PODS_ROOT}/Highlightr/Pod/Assets/Highlighter/languages/mercury.min.js",
				"${PODS_ROOT}/Highlightr/Pod/Assets/Highlighter/languages/mipsasm.min.js",
				"${PODS_ROOT}/Highlightr/Pod/Assets/Highlighter/languages/mizar.min.js",
				"${PODS_ROOT}/Highlightr/Pod/Assets/Highlighter/languages/mojolicious.min.js",
				"${PODS_ROOT}/Highlightr/Pod/Assets/Highlighter/languages/monkey.min.js",
				"${PODS_ROOT}/Highlightr/Pod/Assets/Highlighter/languages/moonscript.min.js",
				"${PODS_ROOT}/Highlightr/Pod/Assets/Highlighter/languages/n1ql.min.js",
				"${PODS_ROOT}/Highlightr/Pod/Assets/Highlighter/languages/nginx.min.js",
				"${PODS_ROOT}/Highlightr/Pod/Assets/Highlighter/languages/nimrod.min.js",
				"${PODS_ROOT}/Highlightr/Pod/Assets/Highlighter/languages/nix.min.js",
				"${PODS_ROOT}/Highlightr/Pod/Assets/Highlighter/languages/nsis.min.js",
				"${PODS_ROOT}/Highlightr/Pod/Assets/Highlighter/languages/objectivec.min.js",
				"${PODS_ROOT}/Highlightr/Pod/Assets/Highlighter/languages/ocaml.min.js",
				"${PODS_ROOT}/Highlightr/Pod/Assets/Highlighter/languages/openscad.min.js",
				"${PODS_ROOT}/Highlightr/Pod/Assets/Highlighter/languages/oxygene.min.js",
				"${PODS_ROOT}/Highlightr/Pod/Assets/Highlighter/languages/parser3.min.js",
				"${PODS_ROOT}/Highlightr/Pod/Assets/Highlighter/languages/perl.min.js",
				"${PODS_ROOT}/Highlightr/Pod/Assets/Highlighter/languages/pf.min.js",
				"${PODS_ROOT}/Highlightr/Pod/Assets/Highlighter/languages/php.min.js",
				"${PODS_ROOT}/Highlightr/Pod/Assets/Highlighter/languages/pony.min.js",
				"${PODS_ROOT}/Highlightr/Pod/Assets/Highlighter/languages/powershell.min.js",
				"${PODS_ROOT}/Highlightr/Pod/Assets/Highlighter/languages/processing.min.js",
				"${PODS_ROOT}/Highlightr/Pod/Assets/Highlighter/languages/profile.min.js",
				"${PODS_ROOT}/Highlightr/Pod/Assets/Highlighter/languages/prolog.min.js",
				"${PODS_ROOT}/Highlightr/Pod/Assets/Highlighter/languages/protobuf.min.js",
				"${PODS_ROOT}/Highlightr/Pod/Assets/Highlighter/languages/puppet.min.js",
				"${PODS_ROOT}/Highlightr/Pod/Assets/Highlighter/languages/purebasic.min.js",
				"${PODS_ROOT}/Highlightr/Pod/Assets/Highlighter/languages/python.min.js",
				"${PODS_ROOT}/Highlightr/Pod/Assets/Highlighter/languages/q.min.js",
				"${PODS_ROOT}/Highlightr/Pod/Assets/Highlighter/languages/qml.min.js",
				"${PODS_ROOT}/Highlightr/Pod/Assets/Highlighter/languages/r.min.js",
				"${PODS_ROOT}/Highlightr/Pod/Assets/Highlighter/languages/rib.min.js",
				"${PODS_ROOT}/Highlightr/Pod/Assets/Highlighter/languages/roboconf.min.js",
				"${PODS_ROOT}/Highlightr/Pod/Assets/Highlighter/languages/routeros.min.js",
				"${PODS_ROOT}/Highlightr/Pod/Assets/Highlighter/languages/rsl.min.js",
				"${PODS_ROOT}/Highlightr/Pod/Assets/Highlighter/languages/ruby.min.js",
				"${PODS_ROOT}/Highlightr/Pod/Assets/Highlighter/languages/ruleslanguage.min.js",
				"${PODS_ROOT}/Highlightr/Pod/Assets/Highlighter/languages/rust.min.js",
				"${PODS_ROOT}/Highlightr/Pod/Assets/Highlighter/languages/scala.min.js",
				"${PODS_ROOT}/Highlightr/Pod/Assets/Highlighter/languages/scheme.min.js",
				"${PODS_ROOT}/Highlightr/Pod/Assets/Highlighter/languages/scilab.min.js",
				"${PODS_ROOT}/Highlightr/Pod/Assets/Highlighter/languages/scss.min.js",
				"${PODS_ROOT}/Highlightr/Pod/Assets/Highlighter/languages/shell.min.js",
				"${PODS_ROOT}/Highlightr/Pod/Assets/Highlighter/languages/smali.min.js",
				"${PODS_ROOT}/Highlightr/Pod/Assets/Highlighter/languages/smalltalk.min.js",
				"${PODS_ROOT}/Highlightr/Pod/Assets/Highlighter/languages/sml.min.js",
				"${PODS_ROOT}/Highlightr/Pod/Assets/Highlighter/languages/sqf.min.js",
				"${PODS_ROOT}/Highlightr/Pod/Assets/Highlighter/languages/sql.min.js",
				"${PODS_ROOT}/Highlightr/Pod/Assets/Highlighter/languages/stan.min.js",
				"${PODS_ROOT}/Highlightr/Pod/Assets/Highlighter/languages/stata.min.js",
				"${PODS_ROOT}/Highlightr/Pod/Assets/Highlighter/languages/step21.min.js",
				"${PODS_ROOT}/Highlightr/Pod/Assets/Highlighter/languages/stylus.min.js",
				"${PODS_ROOT}/Highlightr/Pod/Assets/Highlighter/languages/subunit.min.js",
				"${PODS_ROOT}/Highlightr/Pod/Assets/Highlighter/languages/swift.min.js",
				"${PODS_ROOT}/Highlightr/Pod/Assets/Highlighter/languages/taggerscript.min.js",
				"${PODS_ROOT}/Highlightr/Pod/Assets/Highlighter/languages/tap.min.js",
				"${PODS_ROOT}/Highlightr/Pod/Assets/Highlighter/languages/tcl.min.js",
				"${PODS_ROOT}/Highlightr/Pod/Assets/Highlighter/languages/tex.min.js",
				"${PODS_ROOT}/Highlightr/Pod/Assets/Highlighter/languages/thrift.min.js",
				"${PODS_ROOT}/Highlightr/Pod/Assets/Highlighter/languages/tp.min.js",
				"${PODS_ROOT}/Highlightr/Pod/Assets/Highlighter/languages/twig.min.js",
				"${PODS_ROOT}/Highlightr/Pod/Assets/Highlighter/languages/typescript.min.js",
				"${PODS_ROOT}/Highlightr/Pod/Assets/Highlighter/languages/vala.min.js",
				"${PODS_ROOT}/Highlightr/Pod/Assets/Highlighter/languages/vbnet.min.js",
				"${PODS_ROOT}/Highlightr/Pod/Assets/Highlighter/languages/vbscript-html.min.js",
				"${PODS_ROOT}/Highlightr/Pod/Assets/Highlighter/languages/vbscript.min.js",
				"${PODS_ROOT}/Highlightr/Pod/Assets/Highlighter/languages/verilog.min.js",
				"${PODS_ROOT}/Highlightr/Pod/Assets/Highlighter/languages/vhdl.min.js",
				"${PODS_ROOT}/Highlightr/Pod/Assets/Highlighter/languages/vim.min.js",
				"${PODS_ROOT}/Highlightr/Pod/Assets/Highlighter/languages/x86asm.min.js",
				"${PODS_ROOT}/Highlightr/Pod/Assets/Highlighter/languages/xl.min.js",
				"${PODS_ROOT}/Highlightr/Pod/Assets/Highlighter/languages/xml.min.js",
				"${PODS_ROOT}/Highlightr/Pod/Assets/Highlighter/languages/xquery.min.js",
				"${PODS_ROOT}/Highlightr/Pod/Assets/Highlighter/languages/yaml.min.js",
				"${PODS_ROOT}/Highlightr/Pod/Assets/Highlighter/languages/zephir.min.js",
				"${PODS_ROOT}/Highlightr/Pod/Assets/styles/agate.min.css",
				"${PODS_ROOT}/Highlightr/Pod/Assets/styles/androidstudio.min.css",
				"${PODS_ROOT}/Highlightr/Pod/Assets/styles/arduino-light.min.css",
				"${PODS_ROOT}/Highlightr/Pod/Assets/styles/arta.min.css",
				"${PODS_ROOT}/Highlightr/Pod/Assets/styles/ascetic.min.css",
				"${PODS_ROOT}/Highlightr/Pod/Assets/styles/atelier-cave-dark.min.css",
				"${PODS_ROOT}/Highlightr/Pod/Assets/styles/atelier-cave-light.min.css",
				"${PODS_ROOT}/Highlightr/Pod/Assets/styles/atelier-dune-dark.min.css",
				"${PODS_ROOT}/Highlightr/Pod/Assets/styles/atelier-dune-light.min.css",
				"${PODS_ROOT}/Highlightr/Pod/Assets/styles/atelier-estuary-dark.min.css",
				"${PODS_ROOT}/Highlightr/Pod/Assets/styles/atelier-estuary-light.min.css",
				"${PODS_ROOT}/Highlightr/Pod/Assets/styles/atelier-forest-dark.min.css",
				"${PODS_ROOT}/Highlightr/Pod/Assets/styles/atelier-forest-light.min.css",
				"${PODS_ROOT}/Highlightr/Pod/Assets/styles/atelier-heath-dark.min.css",
				"${PODS_ROOT}/Highlightr/Pod/Assets/styles/atelier-heath-light.min.css",
				"${PODS_ROOT}/Highlightr/Pod/Assets/styles/atelier-lakeside-dark.min.css",
				"${PODS_ROOT}/Highlightr/Pod/Assets/styles/atelier-lakeside-light.min.css",
				"${PODS_ROOT}/Highlightr/Pod/Assets/styles/atelier-plateau-dark.min.css",
				"${PODS_ROOT}/Highlightr/Pod/Assets/styles/atelier-plateau-light.min.css",
				"${PODS_ROOT}/Highlightr/Pod/Assets/styles/atelier-savanna-dark.min.css",
				"${PODS_ROOT}/Highlightr/Pod/Assets/styles/atelier-savanna-light.min.css",
				"${PODS_ROOT}/Highlightr/Pod/Assets/styles/atelier-seaside-dark.min.css",
				"${PODS_ROOT}/Highlightr/Pod/Assets/styles/atelier-seaside-light.min.css",
				"${PODS_ROOT}/Highlightr/Pod/Assets/styles/atelier-sulphurpool-dark.min.css",
				"${PODS_ROOT}/Highlightr/Pod/Assets/styles/atelier-sulphurpool-light.min.css",
				"${PODS_ROOT}/Highlightr/Pod/Assets/styles/atom-one-dark.min.css",
				"${PODS_ROOT}/Highlightr/Pod/Assets/styles/atom-one-light.min.css",
				"${PODS_ROOT}/Highlightr/Pod/Assets/styles/brown-paper.min.css",
				"${PODS_ROOT}/Highlightr/Pod/Assets/styles/codepen-embed.min.css",
				"${PODS_ROOT}/Highlightr/Pod/Assets/styles/color-brewer.min.css",
				"${PODS_ROOT}/Highlightr/Pod/Assets/styles/darcula.min.css",
				"${PODS_ROOT}/Highlightr/Pod/Assets/styles/dark.min.css",
				"${PODS_ROOT}/Highlightr/Pod/Assets/styles/darkula.min.css",
				"${PODS_ROOT}/Highlightr/Pod/Assets/styles/default.min.css",
				"${PODS_ROOT}/Highlightr/Pod/Assets/styles/docco.min.css",
				"${PODS_ROOT}/Highlightr/Pod/Assets/styles/dracula.min.css",
				"${PODS_ROOT}/Highlightr/Pod/Assets/styles/far.min.css",
				"${PODS_ROOT}/Highlightr/Pod/Assets/styles/foundation.min.css",
				"${PODS_ROOT}/Highlightr/Pod/Assets/styles/github-gist.min.css",
				"${PODS_ROOT}/Highlightr/Pod/Assets/styles/github.min.css",
				"${PODS_ROOT}/Highlightr/Pod/Assets/styles/googlecode.min.css",
				"${PODS_ROOT}/Highlightr/Pod/Assets/styles/grayscale.min.css",
				"${PODS_ROOT}/Highlightr/Pod/Assets/styles/gruvbox-dark.min.css",
				"${PODS_ROOT}/Highlightr/Pod/Assets/styles/gruvbox-light.min.css",
				"${PODS_ROOT}/Highlightr/Pod/Assets/styles/hopscotch.min.css",
				"${PODS_ROOT}/Highlightr/Pod/Assets/styles/hybrid.min.css",
				"${PODS_ROOT}/Highlightr/Pod/Assets/styles/idea.min.css",
				"${PODS_ROOT}/Highlightr/Pod/Assets/styles/ir-black.min.css",
				"${PODS_ROOT}/Highlightr/Pod/Assets/styles/kimbie.dark.min.css",
				"${PODS_ROOT}/Highlightr/Pod/Assets/styles/kimbie.light.min.css",
				"${PODS_ROOT}/Highlightr/Pod/Assets/styles/magula.min.css",
				"${PODS_ROOT}/Highlightr/Pod/Assets/styles/mono-blue.min.css",
				"${PODS_ROOT}/Highlightr/Pod/Assets/styles/monokai-sublime.min.css",
				"${PODS_ROOT}/Highlightr/Pod/Assets/styles/monokai.min.css",
				"${PODS_ROOT}/Highlightr/Pod/Assets/styles/obsidian.min.css",
				"${PODS_ROOT}/Highlightr/Pod/Assets/styles/ocean.min.css",
				"${PODS_ROOT}/Highlightr/Pod/Assets/styles/paraiso-dark.min.css",
				"${PODS_ROOT}/Highlightr/Pod/Assets/styles/paraiso-light.min.css",
				"${PODS_ROOT}/Highlightr/Pod/Assets/styles/pojoaque.min.css",
				"${PODS_ROOT}/Highlightr/Pod/Assets/styles/purebasic.min.css",
				"${PODS_ROOT}/Highlightr/Pod/Assets/styles/qtcreator_dark.min.css",
				"${PODS_ROOT}/Highlightr/Pod/Assets/styles/qtcreator_light.min.css",
				"${PODS_ROOT}/Highlightr/Pod/Assets/styles/railscasts.min.css",
				"${PODS_ROOT}/Highlightr/Pod/Assets/styles/rainbow.min.css",
				"${PODS_ROOT}/Highlightr/Pod/Assets/styles/routeros.min.css",
				"${PODS_ROOT}/Highlightr/Pod/Assets/styles/school-book.min.css",
				"${PODS_ROOT}/Highlightr/Pod/Assets/styles/solarized-dark.min.css",
				"${PODS_ROOT}/Highlightr/Pod/Assets/styles/solarized-light.min.css",
				"${PODS_ROOT}/Highlightr/Pod/Assets/styles/sunburst.min.css",
				"${PODS_ROOT}/Highlightr/Pod/Assets/styles/tomorrow-night-blue.min.css",
				"${PODS_ROOT}/Highlightr/Pod/Assets/styles/tomorrow-night-bright.min.css",
				"${PODS_ROOT}/Highlightr/Pod/Assets/styles/tomorrow-night-eighties.min.css",
				"${PODS_ROOT}/Highlightr/Pod/Assets/styles/tomorrow-night.min.css",
				"${PODS_ROOT}/Highlightr/Pod/Assets/styles/tomorrow.min.css",
				"${PODS_ROOT}/Highlightr/Pod/Assets/styles/vs.min.css",
				"${PODS_ROOT}/Highlightr/Pod/Assets/styles/vs2015.min.css",
				"${PODS_ROOT}/Highlightr/Pod/Assets/styles/xcode.min.css",
				"${PODS_ROOT}/Highlightr/Pod/Assets/styles/xt256.min.css",
				"${PODS_ROOT}/Highlightr/Pod/Assets/styles/zenburn.min.css",
			);
			name = "[CP] Copy Pods Resources";
			outputPaths = (
				"${TARGET_BUILD_DIR}/${UNLOCALIZED_RESOURCES_FOLDER_PATH}/highlight.min.js",
				"${TARGET_BUILD_DIR}/${UNLOCALIZED_RESOURCES_FOLDER_PATH}/1c.min.js",
				"${TARGET_BUILD_DIR}/${UNLOCALIZED_RESOURCES_FOLDER_PATH}/abnf.min.js",
				"${TARGET_BUILD_DIR}/${UNLOCALIZED_RESOURCES_FOLDER_PATH}/accesslog.min.js",
				"${TARGET_BUILD_DIR}/${UNLOCALIZED_RESOURCES_FOLDER_PATH}/actionscript.min.js",
				"${TARGET_BUILD_DIR}/${UNLOCALIZED_RESOURCES_FOLDER_PATH}/ada.min.js",
				"${TARGET_BUILD_DIR}/${UNLOCALIZED_RESOURCES_FOLDER_PATH}/apache.min.js",
				"${TARGET_BUILD_DIR}/${UNLOCALIZED_RESOURCES_FOLDER_PATH}/applescript.min.js",
				"${TARGET_BUILD_DIR}/${UNLOCALIZED_RESOURCES_FOLDER_PATH}/arduino.min.js",
				"${TARGET_BUILD_DIR}/${UNLOCALIZED_RESOURCES_FOLDER_PATH}/armasm.min.js",
				"${TARGET_BUILD_DIR}/${UNLOCALIZED_RESOURCES_FOLDER_PATH}/asciidoc.min.js",
				"${TARGET_BUILD_DIR}/${UNLOCALIZED_RESOURCES_FOLDER_PATH}/aspectj.min.js",
				"${TARGET_BUILD_DIR}/${UNLOCALIZED_RESOURCES_FOLDER_PATH}/autohotkey.min.js",
				"${TARGET_BUILD_DIR}/${UNLOCALIZED_RESOURCES_FOLDER_PATH}/autoit.min.js",
				"${TARGET_BUILD_DIR}/${UNLOCALIZED_RESOURCES_FOLDER_PATH}/avrasm.min.js",
				"${TARGET_BUILD_DIR}/${UNLOCALIZED_RESOURCES_FOLDER_PATH}/awk.min.js",
				"${TARGET_BUILD_DIR}/${UNLOCALIZED_RESOURCES_FOLDER_PATH}/axapta.min.js",
				"${TARGET_BUILD_DIR}/${UNLOCALIZED_RESOURCES_FOLDER_PATH}/bash.min.js",
				"${TARGET_BUILD_DIR}/${UNLOCALIZED_RESOURCES_FOLDER_PATH}/basic.min.js",
				"${TARGET_BUILD_DIR}/${UNLOCALIZED_RESOURCES_FOLDER_PATH}/bnf.min.js",
				"${TARGET_BUILD_DIR}/${UNLOCALIZED_RESOURCES_FOLDER_PATH}/brainfuck.min.js",
				"${TARGET_BUILD_DIR}/${UNLOCALIZED_RESOURCES_FOLDER_PATH}/cal.min.js",
				"${TARGET_BUILD_DIR}/${UNLOCALIZED_RESOURCES_FOLDER_PATH}/capnproto.min.js",
				"${TARGET_BUILD_DIR}/${UNLOCALIZED_RESOURCES_FOLDER_PATH}/ceylon.min.js",
				"${TARGET_BUILD_DIR}/${UNLOCALIZED_RESOURCES_FOLDER_PATH}/clean.min.js",
				"${TARGET_BUILD_DIR}/${UNLOCALIZED_RESOURCES_FOLDER_PATH}/clojure-repl.min.js",
				"${TARGET_BUILD_DIR}/${UNLOCALIZED_RESOURCES_FOLDER_PATH}/clojure.min.js",
				"${TARGET_BUILD_DIR}/${UNLOCALIZED_RESOURCES_FOLDER_PATH}/cmake.min.js",
				"${TARGET_BUILD_DIR}/${UNLOCALIZED_RESOURCES_FOLDER_PATH}/coffeescript.min.js",
				"${TARGET_BUILD_DIR}/${UNLOCALIZED_RESOURCES_FOLDER_PATH}/coq.min.js",
				"${TARGET_BUILD_DIR}/${UNLOCALIZED_RESOURCES_FOLDER_PATH}/cos.min.js",
				"${TARGET_BUILD_DIR}/${UNLOCALIZED_RESOURCES_FOLDER_PATH}/cpp.min.js",
				"${TARGET_BUILD_DIR}/${UNLOCALIZED_RESOURCES_FOLDER_PATH}/crmsh.min.js",
				"${TARGET_BUILD_DIR}/${UNLOCALIZED_RESOURCES_FOLDER_PATH}/crystal.min.js",
				"${TARGET_BUILD_DIR}/${UNLOCALIZED_RESOURCES_FOLDER_PATH}/cs.min.js",
				"${TARGET_BUILD_DIR}/${UNLOCALIZED_RESOURCES_FOLDER_PATH}/csp.min.js",
				"${TARGET_BUILD_DIR}/${UNLOCALIZED_RESOURCES_FOLDER_PATH}/css.min.js",
				"${TARGET_BUILD_DIR}/${UNLOCALIZED_RESOURCES_FOLDER_PATH}/d.min.js",
				"${TARGET_BUILD_DIR}/${UNLOCALIZED_RESOURCES_FOLDER_PATH}/dart.min.js",
				"${TARGET_BUILD_DIR}/${UNLOCALIZED_RESOURCES_FOLDER_PATH}/delphi.min.js",
				"${TARGET_BUILD_DIR}/${UNLOCALIZED_RESOURCES_FOLDER_PATH}/diff.min.js",
				"${TARGET_BUILD_DIR}/${UNLOCALIZED_RESOURCES_FOLDER_PATH}/django.min.js",
				"${TARGET_BUILD_DIR}/${UNLOCALIZED_RESOURCES_FOLDER_PATH}/dns.min.js",
				"${TARGET_BUILD_DIR}/${UNLOCALIZED_RESOURCES_FOLDER_PATH}/dockerfile.min.js",
				"${TARGET_BUILD_DIR}/${UNLOCALIZED_RESOURCES_FOLDER_PATH}/dos.min.js",
				"${TARGET_BUILD_DIR}/${UNLOCALIZED_RESOURCES_FOLDER_PATH}/dsconfig.min.js",
				"${TARGET_BUILD_DIR}/${UNLOCALIZED_RESOURCES_FOLDER_PATH}/dts.min.js",
				"${TARGET_BUILD_DIR}/${UNLOCALIZED_RESOURCES_FOLDER_PATH}/dust.min.js",
				"${TARGET_BUILD_DIR}/${UNLOCALIZED_RESOURCES_FOLDER_PATH}/ebnf.min.js",
				"${TARGET_BUILD_DIR}/${UNLOCALIZED_RESOURCES_FOLDER_PATH}/elixir.min.js",
				"${TARGET_BUILD_DIR}/${UNLOCALIZED_RESOURCES_FOLDER_PATH}/elm.min.js",
				"${TARGET_BUILD_DIR}/${UNLOCALIZED_RESOURCES_FOLDER_PATH}/erb.min.js",
				"${TARGET_BUILD_DIR}/${UNLOCALIZED_RESOURCES_FOLDER_PATH}/erlang-repl.min.js",
				"${TARGET_BUILD_DIR}/${UNLOCALIZED_RESOURCES_FOLDER_PATH}/erlang.min.js",
				"${TARGET_BUILD_DIR}/${UNLOCALIZED_RESOURCES_FOLDER_PATH}/excel.min.js",
				"${TARGET_BUILD_DIR}/${UNLOCALIZED_RESOURCES_FOLDER_PATH}/fix.min.js",
				"${TARGET_BUILD_DIR}/${UNLOCALIZED_RESOURCES_FOLDER_PATH}/flix.min.js",
				"${TARGET_BUILD_DIR}/${UNLOCALIZED_RESOURCES_FOLDER_PATH}/fortran.min.js",
				"${TARGET_BUILD_DIR}/${UNLOCALIZED_RESOURCES_FOLDER_PATH}/fsharp.min.js",
				"${TARGET_BUILD_DIR}/${UNLOCALIZED_RESOURCES_FOLDER_PATH}/gams.min.js",
				"${TARGET_BUILD_DIR}/${UNLOCALIZED_RESOURCES_FOLDER_PATH}/gauss.min.js",
				"${TARGET_BUILD_DIR}/${UNLOCALIZED_RESOURCES_FOLDER_PATH}/gcode.min.js",
				"${TARGET_BUILD_DIR}/${UNLOCALIZED_RESOURCES_FOLDER_PATH}/gherkin.min.js",
				"${TARGET_BUILD_DIR}/${UNLOCALIZED_RESOURCES_FOLDER_PATH}/glsl.min.js",
				"${TARGET_BUILD_DIR}/${UNLOCALIZED_RESOURCES_FOLDER_PATH}/go.min.js",
				"${TARGET_BUILD_DIR}/${UNLOCALIZED_RESOURCES_FOLDER_PATH}/golo.min.js",
				"${TARGET_BUILD_DIR}/${UNLOCALIZED_RESOURCES_FOLDER_PATH}/gradle.min.js",
				"${TARGET_BUILD_DIR}/${UNLOCALIZED_RESOURCES_FOLDER_PATH}/groovy.min.js",
				"${TARGET_BUILD_DIR}/${UNLOCALIZED_RESOURCES_FOLDER_PATH}/haml.min.js",
				"${TARGET_BUILD_DIR}/${UNLOCALIZED_RESOURCES_FOLDER_PATH}/handlebars.min.js",
				"${TARGET_BUILD_DIR}/${UNLOCALIZED_RESOURCES_FOLDER_PATH}/haskell.min.js",
				"${TARGET_BUILD_DIR}/${UNLOCALIZED_RESOURCES_FOLDER_PATH}/haxe.min.js",
				"${TARGET_BUILD_DIR}/${UNLOCALIZED_RESOURCES_FOLDER_PATH}/hsp.min.js",
				"${TARGET_BUILD_DIR}/${UNLOCALIZED_RESOURCES_FOLDER_PATH}/htmlbars.min.js",
				"${TARGET_BUILD_DIR}/${UNLOCALIZED_RESOURCES_FOLDER_PATH}/http.min.js",
				"${TARGET_BUILD_DIR}/${UNLOCALIZED_RESOURCES_FOLDER_PATH}/hy.min.js",
				"${TARGET_BUILD_DIR}/${UNLOCALIZED_RESOURCES_FOLDER_PATH}/inform7.min.js",
				"${TARGET_BUILD_DIR}/${UNLOCALIZED_RESOURCES_FOLDER_PATH}/ini.min.js",
				"${TARGET_BUILD_DIR}/${UNLOCALIZED_RESOURCES_FOLDER_PATH}/irpf90.min.js",
				"${TARGET_BUILD_DIR}/${UNLOCALIZED_RESOURCES_FOLDER_PATH}/java.min.js",
				"${TARGET_BUILD_DIR}/${UNLOCALIZED_RESOURCES_FOLDER_PATH}/javascript.min.js",
				"${TARGET_BUILD_DIR}/${UNLOCALIZED_RESOURCES_FOLDER_PATH}/jboss-cli.min.js",
				"${TARGET_BUILD_DIR}/${UNLOCALIZED_RESOURCES_FOLDER_PATH}/json.min.js",
				"${TARGET_BUILD_DIR}/${UNLOCALIZED_RESOURCES_FOLDER_PATH}/julia-repl.min.js",
				"${TARGET_BUILD_DIR}/${UNLOCALIZED_RESOURCES_FOLDER_PATH}/julia.min.js",
				"${TARGET_BUILD_DIR}/${UNLOCALIZED_RESOURCES_FOLDER_PATH}/kotlin.min.js",
				"${TARGET_BUILD_DIR}/${UNLOCALIZED_RESOURCES_FOLDER_PATH}/lasso.min.js",
				"${TARGET_BUILD_DIR}/${UNLOCALIZED_RESOURCES_FOLDER_PATH}/ldif.min.js",
				"${TARGET_BUILD_DIR}/${UNLOCALIZED_RESOURCES_FOLDER_PATH}/leaf.min.js",
				"${TARGET_BUILD_DIR}/${UNLOCALIZED_RESOURCES_FOLDER_PATH}/less.min.js",
				"${TARGET_BUILD_DIR}/${UNLOCALIZED_RESOURCES_FOLDER_PATH}/lisp.min.js",
				"${TARGET_BUILD_DIR}/${UNLOCALIZED_RESOURCES_FOLDER_PATH}/livecodeserver.min.js",
				"${TARGET_BUILD_DIR}/${UNLOCALIZED_RESOURCES_FOLDER_PATH}/livescript.min.js",
				"${TARGET_BUILD_DIR}/${UNLOCALIZED_RESOURCES_FOLDER_PATH}/llvm.min.js",
				"${TARGET_BUILD_DIR}/${UNLOCALIZED_RESOURCES_FOLDER_PATH}/lsl.min.js",
				"${TARGET_BUILD_DIR}/${UNLOCALIZED_RESOURCES_FOLDER_PATH}/lua.min.js",
				"${TARGET_BUILD_DIR}/${UNLOCALIZED_RESOURCES_FOLDER_PATH}/makefile.min.js",
				"${TARGET_BUILD_DIR}/${UNLOCALIZED_RESOURCES_FOLDER_PATH}/markdown.min.js",
				"${TARGET_BUILD_DIR}/${UNLOCALIZED_RESOURCES_FOLDER_PATH}/mathematica.min.js",
				"${TARGET_BUILD_DIR}/${UNLOCALIZED_RESOURCES_FOLDER_PATH}/matlab.min.js",
				"${TARGET_BUILD_DIR}/${UNLOCALIZED_RESOURCES_FOLDER_PATH}/maxima.min.js",
				"${TARGET_BUILD_DIR}/${UNLOCALIZED_RESOURCES_FOLDER_PATH}/mel.min.js",
				"${TARGET_BUILD_DIR}/${UNLOCALIZED_RESOURCES_FOLDER_PATH}/mercury.min.js",
				"${TARGET_BUILD_DIR}/${UNLOCALIZED_RESOURCES_FOLDER_PATH}/mipsasm.min.js",
				"${TARGET_BUILD_DIR}/${UNLOCALIZED_RESOURCES_FOLDER_PATH}/mizar.min.js",
				"${TARGET_BUILD_DIR}/${UNLOCALIZED_RESOURCES_FOLDER_PATH}/mojolicious.min.js",
				"${TARGET_BUILD_DIR}/${UNLOCALIZED_RESOURCES_FOLDER_PATH}/monkey.min.js",
				"${TARGET_BUILD_DIR}/${UNLOCALIZED_RESOURCES_FOLDER_PATH}/moonscript.min.js",
				"${TARGET_BUILD_DIR}/${UNLOCALIZED_RESOURCES_FOLDER_PATH}/n1ql.min.js",
				"${TARGET_BUILD_DIR}/${UNLOCALIZED_RESOURCES_FOLDER_PATH}/nginx.min.js",
				"${TARGET_BUILD_DIR}/${UNLOCALIZED_RESOURCES_FOLDER_PATH}/nimrod.min.js",
				"${TARGET_BUILD_DIR}/${UNLOCALIZED_RESOURCES_FOLDER_PATH}/nix.min.js",
				"${TARGET_BUILD_DIR}/${UNLOCALIZED_RESOURCES_FOLDER_PATH}/nsis.min.js",
				"${TARGET_BUILD_DIR}/${UNLOCALIZED_RESOURCES_FOLDER_PATH}/objectivec.min.js",
				"${TARGET_BUILD_DIR}/${UNLOCALIZED_RESOURCES_FOLDER_PATH}/ocaml.min.js",
				"${TARGET_BUILD_DIR}/${UNLOCALIZED_RESOURCES_FOLDER_PATH}/openscad.min.js",
				"${TARGET_BUILD_DIR}/${UNLOCALIZED_RESOURCES_FOLDER_PATH}/oxygene.min.js",
				"${TARGET_BUILD_DIR}/${UNLOCALIZED_RESOURCES_FOLDER_PATH}/parser3.min.js",
				"${TARGET_BUILD_DIR}/${UNLOCALIZED_RESOURCES_FOLDER_PATH}/perl.min.js",
				"${TARGET_BUILD_DIR}/${UNLOCALIZED_RESOURCES_FOLDER_PATH}/pf.min.js",
				"${TARGET_BUILD_DIR}/${UNLOCALIZED_RESOURCES_FOLDER_PATH}/php.min.js",
				"${TARGET_BUILD_DIR}/${UNLOCALIZED_RESOURCES_FOLDER_PATH}/pony.min.js",
				"${TARGET_BUILD_DIR}/${UNLOCALIZED_RESOURCES_FOLDER_PATH}/powershell.min.js",
				"${TARGET_BUILD_DIR}/${UNLOCALIZED_RESOURCES_FOLDER_PATH}/processing.min.js",
				"${TARGET_BUILD_DIR}/${UNLOCALIZED_RESOURCES_FOLDER_PATH}/profile.min.js",
				"${TARGET_BUILD_DIR}/${UNLOCALIZED_RESOURCES_FOLDER_PATH}/prolog.min.js",
				"${TARGET_BUILD_DIR}/${UNLOCALIZED_RESOURCES_FOLDER_PATH}/protobuf.min.js",
				"${TARGET_BUILD_DIR}/${UNLOCALIZED_RESOURCES_FOLDER_PATH}/puppet.min.js",
				"${TARGET_BUILD_DIR}/${UNLOCALIZED_RESOURCES_FOLDER_PATH}/purebasic.min.js",
				"${TARGET_BUILD_DIR}/${UNLOCALIZED_RESOURCES_FOLDER_PATH}/python.min.js",
				"${TARGET_BUILD_DIR}/${UNLOCALIZED_RESOURCES_FOLDER_PATH}/q.min.js",
				"${TARGET_BUILD_DIR}/${UNLOCALIZED_RESOURCES_FOLDER_PATH}/qml.min.js",
				"${TARGET_BUILD_DIR}/${UNLOCALIZED_RESOURCES_FOLDER_PATH}/r.min.js",
				"${TARGET_BUILD_DIR}/${UNLOCALIZED_RESOURCES_FOLDER_PATH}/rib.min.js",
				"${TARGET_BUILD_DIR}/${UNLOCALIZED_RESOURCES_FOLDER_PATH}/roboconf.min.js",
				"${TARGET_BUILD_DIR}/${UNLOCALIZED_RESOURCES_FOLDER_PATH}/routeros.min.js",
				"${TARGET_BUILD_DIR}/${UNLOCALIZED_RESOURCES_FOLDER_PATH}/rsl.min.js",
				"${TARGET_BUILD_DIR}/${UNLOCALIZED_RESOURCES_FOLDER_PATH}/ruby.min.js",
				"${TARGET_BUILD_DIR}/${UNLOCALIZED_RESOURCES_FOLDER_PATH}/ruleslanguage.min.js",
				"${TARGET_BUILD_DIR}/${UNLOCALIZED_RESOURCES_FOLDER_PATH}/rust.min.js",
				"${TARGET_BUILD_DIR}/${UNLOCALIZED_RESOURCES_FOLDER_PATH}/scala.min.js",
				"${TARGET_BUILD_DIR}/${UNLOCALIZED_RESOURCES_FOLDER_PATH}/scheme.min.js",
				"${TARGET_BUILD_DIR}/${UNLOCALIZED_RESOURCES_FOLDER_PATH}/scilab.min.js",
				"${TARGET_BUILD_DIR}/${UNLOCALIZED_RESOURCES_FOLDER_PATH}/scss.min.js",
				"${TARGET_BUILD_DIR}/${UNLOCALIZED_RESOURCES_FOLDER_PATH}/shell.min.js",
				"${TARGET_BUILD_DIR}/${UNLOCALIZED_RESOURCES_FOLDER_PATH}/smali.min.js",
				"${TARGET_BUILD_DIR}/${UNLOCALIZED_RESOURCES_FOLDER_PATH}/smalltalk.min.js",
				"${TARGET_BUILD_DIR}/${UNLOCALIZED_RESOURCES_FOLDER_PATH}/sml.min.js",
				"${TARGET_BUILD_DIR}/${UNLOCALIZED_RESOURCES_FOLDER_PATH}/sqf.min.js",
				"${TARGET_BUILD_DIR}/${UNLOCALIZED_RESOURCES_FOLDER_PATH}/sql.min.js",
				"${TARGET_BUILD_DIR}/${UNLOCALIZED_RESOURCES_FOLDER_PATH}/stan.min.js",
				"${TARGET_BUILD_DIR}/${UNLOCALIZED_RESOURCES_FOLDER_PATH}/stata.min.js",
				"${TARGET_BUILD_DIR}/${UNLOCALIZED_RESOURCES_FOLDER_PATH}/step21.min.js",
				"${TARGET_BUILD_DIR}/${UNLOCALIZED_RESOURCES_FOLDER_PATH}/stylus.min.js",
				"${TARGET_BUILD_DIR}/${UNLOCALIZED_RESOURCES_FOLDER_PATH}/subunit.min.js",
				"${TARGET_BUILD_DIR}/${UNLOCALIZED_RESOURCES_FOLDER_PATH}/swift.min.js",
				"${TARGET_BUILD_DIR}/${UNLOCALIZED_RESOURCES_FOLDER_PATH}/taggerscript.min.js",
				"${TARGET_BUILD_DIR}/${UNLOCALIZED_RESOURCES_FOLDER_PATH}/tap.min.js",
				"${TARGET_BUILD_DIR}/${UNLOCALIZED_RESOURCES_FOLDER_PATH}/tcl.min.js",
				"${TARGET_BUILD_DIR}/${UNLOCALIZED_RESOURCES_FOLDER_PATH}/tex.min.js",
				"${TARGET_BUILD_DIR}/${UNLOCALIZED_RESOURCES_FOLDER_PATH}/thrift.min.js",
				"${TARGET_BUILD_DIR}/${UNLOCALIZED_RESOURCES_FOLDER_PATH}/tp.min.js",
				"${TARGET_BUILD_DIR}/${UNLOCALIZED_RESOURCES_FOLDER_PATH}/twig.min.js",
				"${TARGET_BUILD_DIR}/${UNLOCALIZED_RESOURCES_FOLDER_PATH}/typescript.min.js",
				"${TARGET_BUILD_DIR}/${UNLOCALIZED_RESOURCES_FOLDER_PATH}/vala.min.js",
				"${TARGET_BUILD_DIR}/${UNLOCALIZED_RESOURCES_FOLDER_PATH}/vbnet.min.js",
				"${TARGET_BUILD_DIR}/${UNLOCALIZED_RESOURCES_FOLDER_PATH}/vbscript-html.min.js",
				"${TARGET_BUILD_DIR}/${UNLOCALIZED_RESOURCES_FOLDER_PATH}/vbscript.min.js",
				"${TARGET_BUILD_DIR}/${UNLOCALIZED_RESOURCES_FOLDER_PATH}/verilog.min.js",
				"${TARGET_BUILD_DIR}/${UNLOCALIZED_RESOURCES_FOLDER_PATH}/vhdl.min.js",
				"${TARGET_BUILD_DIR}/${UNLOCALIZED_RESOURCES_FOLDER_PATH}/vim.min.js",
				"${TARGET_BUILD_DIR}/${UNLOCALIZED_RESOURCES_FOLDER_PATH}/x86asm.min.js",
				"${TARGET_BUILD_DIR}/${UNLOCALIZED_RESOURCES_FOLDER_PATH}/xl.min.js",
				"${TARGET_BUILD_DIR}/${UNLOCALIZED_RESOURCES_FOLDER_PATH}/xml.min.js",
				"${TARGET_BUILD_DIR}/${UNLOCALIZED_RESOURCES_FOLDER_PATH}/xquery.min.js",
				"${TARGET_BUILD_DIR}/${UNLOCALIZED_RESOURCES_FOLDER_PATH}/yaml.min.js",
				"${TARGET_BUILD_DIR}/${UNLOCALIZED_RESOURCES_FOLDER_PATH}/zephir.min.js",
				"${TARGET_BUILD_DIR}/${UNLOCALIZED_RESOURCES_FOLDER_PATH}/agate.min.css",
				"${TARGET_BUILD_DIR}/${UNLOCALIZED_RESOURCES_FOLDER_PATH}/androidstudio.min.css",
				"${TARGET_BUILD_DIR}/${UNLOCALIZED_RESOURCES_FOLDER_PATH}/arduino-light.min.css",
				"${TARGET_BUILD_DIR}/${UNLOCALIZED_RESOURCES_FOLDER_PATH}/arta.min.css",
				"${TARGET_BUILD_DIR}/${UNLOCALIZED_RESOURCES_FOLDER_PATH}/ascetic.min.css",
				"${TARGET_BUILD_DIR}/${UNLOCALIZED_RESOURCES_FOLDER_PATH}/atelier-cave-dark.min.css",
				"${TARGET_BUILD_DIR}/${UNLOCALIZED_RESOURCES_FOLDER_PATH}/atelier-cave-light.min.css",
				"${TARGET_BUILD_DIR}/${UNLOCALIZED_RESOURCES_FOLDER_PATH}/atelier-dune-dark.min.css",
				"${TARGET_BUILD_DIR}/${UNLOCALIZED_RESOURCES_FOLDER_PATH}/atelier-dune-light.min.css",
				"${TARGET_BUILD_DIR}/${UNLOCALIZED_RESOURCES_FOLDER_PATH}/atelier-estuary-dark.min.css",
				"${TARGET_BUILD_DIR}/${UNLOCALIZED_RESOURCES_FOLDER_PATH}/atelier-estuary-light.min.css",
				"${TARGET_BUILD_DIR}/${UNLOCALIZED_RESOURCES_FOLDER_PATH}/atelier-forest-dark.min.css",
				"${TARGET_BUILD_DIR}/${UNLOCALIZED_RESOURCES_FOLDER_PATH}/atelier-forest-light.min.css",
				"${TARGET_BUILD_DIR}/${UNLOCALIZED_RESOURCES_FOLDER_PATH}/atelier-heath-dark.min.css",
				"${TARGET_BUILD_DIR}/${UNLOCALIZED_RESOURCES_FOLDER_PATH}/atelier-heath-light.min.css",
				"${TARGET_BUILD_DIR}/${UNLOCALIZED_RESOURCES_FOLDER_PATH}/atelier-lakeside-dark.min.css",
				"${TARGET_BUILD_DIR}/${UNLOCALIZED_RESOURCES_FOLDER_PATH}/atelier-lakeside-light.min.css",
				"${TARGET_BUILD_DIR}/${UNLOCALIZED_RESOURCES_FOLDER_PATH}/atelier-plateau-dark.min.css",
				"${TARGET_BUILD_DIR}/${UNLOCALIZED_RESOURCES_FOLDER_PATH}/atelier-plateau-light.min.css",
				"${TARGET_BUILD_DIR}/${UNLOCALIZED_RESOURCES_FOLDER_PATH}/atelier-savanna-dark.min.css",
				"${TARGET_BUILD_DIR}/${UNLOCALIZED_RESOURCES_FOLDER_PATH}/atelier-savanna-light.min.css",
				"${TARGET_BUILD_DIR}/${UNLOCALIZED_RESOURCES_FOLDER_PATH}/atelier-seaside-dark.min.css",
				"${TARGET_BUILD_DIR}/${UNLOCALIZED_RESOURCES_FOLDER_PATH}/atelier-seaside-light.min.css",
				"${TARGET_BUILD_DIR}/${UNLOCALIZED_RESOURCES_FOLDER_PATH}/atelier-sulphurpool-dark.min.css",
				"${TARGET_BUILD_DIR}/${UNLOCALIZED_RESOURCES_FOLDER_PATH}/atelier-sulphurpool-light.min.css",
				"${TARGET_BUILD_DIR}/${UNLOCALIZED_RESOURCES_FOLDER_PATH}/atom-one-dark.min.css",
				"${TARGET_BUILD_DIR}/${UNLOCALIZED_RESOURCES_FOLDER_PATH}/atom-one-light.min.css",
				"${TARGET_BUILD_DIR}/${UNLOCALIZED_RESOURCES_FOLDER_PATH}/brown-paper.min.css",
				"${TARGET_BUILD_DIR}/${UNLOCALIZED_RESOURCES_FOLDER_PATH}/codepen-embed.min.css",
				"${TARGET_BUILD_DIR}/${UNLOCALIZED_RESOURCES_FOLDER_PATH}/color-brewer.min.css",
				"${TARGET_BUILD_DIR}/${UNLOCALIZED_RESOURCES_FOLDER_PATH}/darcula.min.css",
				"${TARGET_BUILD_DIR}/${UNLOCALIZED_RESOURCES_FOLDER_PATH}/dark.min.css",
				"${TARGET_BUILD_DIR}/${UNLOCALIZED_RESOURCES_FOLDER_PATH}/darkula.min.css",
				"${TARGET_BUILD_DIR}/${UNLOCALIZED_RESOURCES_FOLDER_PATH}/default.min.css",
				"${TARGET_BUILD_DIR}/${UNLOCALIZED_RESOURCES_FOLDER_PATH}/docco.min.css",
				"${TARGET_BUILD_DIR}/${UNLOCALIZED_RESOURCES_FOLDER_PATH}/dracula.min.css",
				"${TARGET_BUILD_DIR}/${UNLOCALIZED_RESOURCES_FOLDER_PATH}/far.min.css",
				"${TARGET_BUILD_DIR}/${UNLOCALIZED_RESOURCES_FOLDER_PATH}/foundation.min.css",
				"${TARGET_BUILD_DIR}/${UNLOCALIZED_RESOURCES_FOLDER_PATH}/github-gist.min.css",
				"${TARGET_BUILD_DIR}/${UNLOCALIZED_RESOURCES_FOLDER_PATH}/github.min.css",
				"${TARGET_BUILD_DIR}/${UNLOCALIZED_RESOURCES_FOLDER_PATH}/googlecode.min.css",
				"${TARGET_BUILD_DIR}/${UNLOCALIZED_RESOURCES_FOLDER_PATH}/grayscale.min.css",
				"${TARGET_BUILD_DIR}/${UNLOCALIZED_RESOURCES_FOLDER_PATH}/gruvbox-dark.min.css",
				"${TARGET_BUILD_DIR}/${UNLOCALIZED_RESOURCES_FOLDER_PATH}/gruvbox-light.min.css",
				"${TARGET_BUILD_DIR}/${UNLOCALIZED_RESOURCES_FOLDER_PATH}/hopscotch.min.css",
				"${TARGET_BUILD_DIR}/${UNLOCALIZED_RESOURCES_FOLDER_PATH}/hybrid.min.css",
				"${TARGET_BUILD_DIR}/${UNLOCALIZED_RESOURCES_FOLDER_PATH}/idea.min.css",
				"${TARGET_BUILD_DIR}/${UNLOCALIZED_RESOURCES_FOLDER_PATH}/ir-black.min.css",
				"${TARGET_BUILD_DIR}/${UNLOCALIZED_RESOURCES_FOLDER_PATH}/kimbie.dark.min.css",
				"${TARGET_BUILD_DIR}/${UNLOCALIZED_RESOURCES_FOLDER_PATH}/kimbie.light.min.css",
				"${TARGET_BUILD_DIR}/${UNLOCALIZED_RESOURCES_FOLDER_PATH}/magula.min.css",
				"${TARGET_BUILD_DIR}/${UNLOCALIZED_RESOURCES_FOLDER_PATH}/mono-blue.min.css",
				"${TARGET_BUILD_DIR}/${UNLOCALIZED_RESOURCES_FOLDER_PATH}/monokai-sublime.min.css",
				"${TARGET_BUILD_DIR}/${UNLOCALIZED_RESOURCES_FOLDER_PATH}/monokai.min.css",
				"${TARGET_BUILD_DIR}/${UNLOCALIZED_RESOURCES_FOLDER_PATH}/obsidian.min.css",
				"${TARGET_BUILD_DIR}/${UNLOCALIZED_RESOURCES_FOLDER_PATH}/ocean.min.css",
				"${TARGET_BUILD_DIR}/${UNLOCALIZED_RESOURCES_FOLDER_PATH}/paraiso-dark.min.css",
				"${TARGET_BUILD_DIR}/${UNLOCALIZED_RESOURCES_FOLDER_PATH}/paraiso-light.min.css",
				"${TARGET_BUILD_DIR}/${UNLOCALIZED_RESOURCES_FOLDER_PATH}/pojoaque.min.css",
				"${TARGET_BUILD_DIR}/${UNLOCALIZED_RESOURCES_FOLDER_PATH}/purebasic.min.css",
				"${TARGET_BUILD_DIR}/${UNLOCALIZED_RESOURCES_FOLDER_PATH}/qtcreator_dark.min.css",
				"${TARGET_BUILD_DIR}/${UNLOCALIZED_RESOURCES_FOLDER_PATH}/qtcreator_light.min.css",
				"${TARGET_BUILD_DIR}/${UNLOCALIZED_RESOURCES_FOLDER_PATH}/railscasts.min.css",
				"${TARGET_BUILD_DIR}/${UNLOCALIZED_RESOURCES_FOLDER_PATH}/rainbow.min.css",
				"${TARGET_BUILD_DIR}/${UNLOCALIZED_RESOURCES_FOLDER_PATH}/routeros.min.css",
				"${TARGET_BUILD_DIR}/${UNLOCALIZED_RESOURCES_FOLDER_PATH}/school-book.min.css",
				"${TARGET_BUILD_DIR}/${UNLOCALIZED_RESOURCES_FOLDER_PATH}/solarized-dark.min.css",
				"${TARGET_BUILD_DIR}/${UNLOCALIZED_RESOURCES_FOLDER_PATH}/solarized-light.min.css",
				"${TARGET_BUILD_DIR}/${UNLOCALIZED_RESOURCES_FOLDER_PATH}/sunburst.min.css",
				"${TARGET_BUILD_DIR}/${UNLOCALIZED_RESOURCES_FOLDER_PATH}/tomorrow-night-blue.min.css",
				"${TARGET_BUILD_DIR}/${UNLOCALIZED_RESOURCES_FOLDER_PATH}/tomorrow-night-bright.min.css",
				"${TARGET_BUILD_DIR}/${UNLOCALIZED_RESOURCES_FOLDER_PATH}/tomorrow-night-eighties.min.css",
				"${TARGET_BUILD_DIR}/${UNLOCALIZED_RESOURCES_FOLDER_PATH}/tomorrow-night.min.css",
				"${TARGET_BUILD_DIR}/${UNLOCALIZED_RESOURCES_FOLDER_PATH}/tomorrow.min.css",
				"${TARGET_BUILD_DIR}/${UNLOCALIZED_RESOURCES_FOLDER_PATH}/vs.min.css",
				"${TARGET_BUILD_DIR}/${UNLOCALIZED_RESOURCES_FOLDER_PATH}/vs2015.min.css",
				"${TARGET_BUILD_DIR}/${UNLOCALIZED_RESOURCES_FOLDER_PATH}/xcode.min.css",
				"${TARGET_BUILD_DIR}/${UNLOCALIZED_RESOURCES_FOLDER_PATH}/xt256.min.css",
				"${TARGET_BUILD_DIR}/${UNLOCALIZED_RESOURCES_FOLDER_PATH}/zenburn.min.css",
			);
			runOnlyForDeploymentPostprocessing = 0;
			shellPath = /bin/sh;
			shellScript = "\"${SRCROOT}/Pods/Target Support Files/Pods-GetStartedSwift/Pods-GetStartedSwift-resources.sh\"\n";
			showEnvVarsInLog = 0;
		};
		554547BC1F4B07E0002C309C /* ShellScript */ = {
			isa = PBXShellScriptBuildPhase;
			buildActionMask = 2147483647;
			files = (
			);
			inputPaths = (
			);
			outputPaths = (
			);
			runOnlyForDeploymentPostprocessing = 0;
			shellPath = /bin/sh;
			shellScript = "./retrieve_recognition-assets.sh GetStartedSwift";
		};
		86BC72EA8420301614FE165E /* [CP] Check Pods Manifest.lock */ = {
			isa = PBXShellScriptBuildPhase;
			buildActionMask = 2147483647;
			files = (
			);
			inputPaths = (
				"${PODS_PODFILE_DIR_PATH}/Podfile.lock",
				"${PODS_ROOT}/Manifest.lock",
			);
			name = "[CP] Check Pods Manifest.lock";
			outputPaths = (
				"$(DERIVED_FILE_DIR)/Pods-GetStartedSwift-checkManifestLockResult.txt",
			);
			runOnlyForDeploymentPostprocessing = 0;
			shellPath = /bin/sh;
			shellScript = "diff \"${PODS_PODFILE_DIR_PATH}/Podfile.lock\" \"${PODS_ROOT}/Manifest.lock\" > /dev/null\nif [ $? != 0 ] ; then\n    # print error to STDERR\n    echo \"error: The sandbox is not in sync with the Podfile.lock. Run 'pod install' or update your CocoaPods installation.\" >&2\n    exit 1\nfi\n# This output is used by Xcode 'outputs' to avoid re-running this script phase.\necho \"SUCCESS\" > \"${SCRIPT_OUTPUT_FILE_0}\"\n";
			showEnvVarsInLog = 0;
		};
/* End PBXShellScriptBuildPhase section */

/* Begin PBXSourcesBuildPhase section */
		554A0B691F4745DF00C30FE6 /* Sources */ = {
			isa = PBXSourcesBuildPhase;
			buildActionMask = 2147483647;
			files = (
				E0E7C6EB20A8C19E00E87D07 /* InjectionCandidateWordViewController.swift in Sources */,
				E0E7C72120AEDE3C00E87D07 /* ServerSettingsPropertyViewController.swift in Sources */,
				E084DF3D2030541500C32ECC /* Java9Visitor.swift in Sources */,
				E084DF442030541500C32ECC /* Java9BaseVisitor.swift in Sources */,
				E0931B8A203C91EF00B84863 /* ConvertedOutputViewController.swift in Sources */,
				55BCF1001F4746A80065868A /* AppDelegate.swift in Sources */,
				554547B91F474987002C309C /* HomeViewController.swift in Sources */,
				E084DF3E2030541500C32ECC /* Java9Parser.swift in Sources */,
				E0931B80203B462600B84863 /* MyCertificate.c in Sources */,
				E084DF3F2030541500C32ECC /* Java9LexerATN.swift in Sources */,
				E0BB377520BD625D0041E75A /* LeetCodeChooseQuestionTableViewController.swift in Sources */,
				E0BB378220BEB5A10041E75A /* ExecutionCode.swift in Sources */,
				E084DF462030541500C32ECC /* Java9Lexer.swift in Sources */,
				E084DF472030541500C32ECC /* Java9Listener.swift in Sources */,
				E03167C420B5ABE100620FED /* DataSet.swift in Sources */,
				E084DF432030541500C32ECC /* Java9BaseListener.swift in Sources */,
				E0E7C6E920A83BB000E87D07 /* SettingsTableViewController.swift in Sources */,
				E084DF402030541500C32ECC /* Java9ParserATN.swift in Sources */,
				E0931B83203C40C900B84863 /* Java9PrintRulesWalker.swift in Sources */,
				E0BB547D2038C84200F688B5 /* LoadFilesTableViewController.swift in Sources */,
				E0BB377C20BD649D0041E75A /* LeetCodeQuestionTableViewCell.swift in Sources */,
				E0BB377A20BD628A0041E75A /* LeetCodeDataSet.swift in Sources */,
				E00AF66A20C4488B00730CD2 /* Java9ANTLRSemanticFixesWalker.swift in Sources */,
			);
			runOnlyForDeploymentPostprocessing = 0;
		};
/* End PBXSourcesBuildPhase section */

/* Begin PBXTargetDependency section */
		E084DF2D2030537200C32ECC /* PBXTargetDependency */ = {
			isa = PBXTargetDependency;
			name = Antlr4;
			targetProxy = E084DF2C2030537200C32ECC /* PBXContainerItemProxy */;
		};
		E084DF53203058BB00C32ECC /* PBXTargetDependency */ = {
			isa = PBXTargetDependency;
			name = Antlr4;
			targetProxy = E084DF52203058BB00C32ECC /* PBXContainerItemProxy */;
		};
/* End PBXTargetDependency section */

/* Begin PBXVariantGroup section */
		554A0B741F4745DF00C30FE6 /* Main.storyboard */ = {
			isa = PBXVariantGroup;
			children = (
				554A0B751F4745DF00C30FE6 /* Base */,
			);
			name = Main.storyboard;
			sourceTree = "<group>";
		};
		554A0B791F4745DF00C30FE6 /* LaunchScreen.storyboard */ = {
			isa = PBXVariantGroup;
			children = (
				554A0B7A1F4745DF00C30FE6 /* Base */,
			);
			name = LaunchScreen.storyboard;
			sourceTree = "<group>";
		};
/* End PBXVariantGroup section */

/* Begin XCBuildConfiguration section */
		554A0B7D1F4745DF00C30FE6 /* Debug */ = {
			isa = XCBuildConfiguration;
			buildSettings = {
				ALWAYS_SEARCH_USER_PATHS = NO;
				CLANG_ANALYZER_NONNULL = YES;
				CLANG_ANALYZER_NUMBER_OBJECT_CONVERSION = YES_AGGRESSIVE;
				CLANG_CXX_LANGUAGE_STANDARD = "gnu++0x";
				CLANG_CXX_LIBRARY = "libc++";
				CLANG_ENABLE_MODULES = YES;
				CLANG_ENABLE_OBJC_ARC = YES;
				CLANG_WARN_BLOCK_CAPTURE_AUTORELEASING = YES;
				CLANG_WARN_BOOL_CONVERSION = YES;
				CLANG_WARN_COMMA = YES;
				CLANG_WARN_CONSTANT_CONVERSION = YES;
				CLANG_WARN_DIRECT_OBJC_ISA_USAGE = YES_ERROR;
				CLANG_WARN_DOCUMENTATION_COMMENTS = YES;
				CLANG_WARN_EMPTY_BODY = YES;
				CLANG_WARN_ENUM_CONVERSION = YES;
				CLANG_WARN_INFINITE_RECURSION = YES;
				CLANG_WARN_INT_CONVERSION = YES;
				CLANG_WARN_NON_LITERAL_NULL_CONVERSION = YES;
				CLANG_WARN_OBJC_LITERAL_CONVERSION = YES;
				CLANG_WARN_OBJC_ROOT_CLASS = YES_ERROR;
				CLANG_WARN_RANGE_LOOP_ANALYSIS = YES;
				CLANG_WARN_STRICT_PROTOTYPES = YES;
				CLANG_WARN_SUSPICIOUS_MOVE = YES;
				CLANG_WARN_UNREACHABLE_CODE = YES;
				CLANG_WARN__DUPLICATE_METHOD_MATCH = YES;
				"CODE_SIGN_IDENTITY[sdk=iphoneos*]" = "iPhone Developer";
				COPY_PHASE_STRIP = NO;
				DEBUG_INFORMATION_FORMAT = dwarf;
				ENABLE_STRICT_OBJC_MSGSEND = YES;
				ENABLE_TESTABILITY = YES;
				FRAMEWORK_SEARCH_PATHS = "";
				GCC_C_LANGUAGE_STANDARD = gnu99;
				GCC_DYNAMIC_NO_PIC = NO;
				GCC_NO_COMMON_BLOCKS = YES;
				GCC_OPTIMIZATION_LEVEL = 0;
				GCC_PREPROCESSOR_DEFINITIONS = (
					"DEBUG=1",
					"$(inherited)",
				);
				GCC_WARN_64_TO_32_BIT_CONVERSION = YES;
				GCC_WARN_ABOUT_RETURN_TYPE = YES_ERROR;
				GCC_WARN_UNDECLARED_SELECTOR = YES;
				GCC_WARN_UNINITIALIZED_AUTOS = YES_AGGRESSIVE;
				GCC_WARN_UNUSED_FUNCTION = YES;
				GCC_WARN_UNUSED_VARIABLE = YES;
				IPHONEOS_DEPLOYMENT_TARGET = 11.0;
				MTL_ENABLE_DEBUG_INFO = YES;
				ONLY_ACTIVE_ARCH = YES;
				SDKROOT = iphoneos;
				SWIFT_ACTIVE_COMPILATION_CONDITIONS = DEBUG;
				SWIFT_OPTIMIZATION_LEVEL = "-Onone";
				TARGETED_DEVICE_FAMILY = "1,2";
			};
			name = Debug;
		};
		554A0B7E1F4745DF00C30FE6 /* Release */ = {
			isa = XCBuildConfiguration;
			buildSettings = {
				ALWAYS_SEARCH_USER_PATHS = NO;
				CLANG_ANALYZER_NONNULL = YES;
				CLANG_ANALYZER_NUMBER_OBJECT_CONVERSION = YES_AGGRESSIVE;
				CLANG_CXX_LANGUAGE_STANDARD = "gnu++0x";
				CLANG_CXX_LIBRARY = "libc++";
				CLANG_ENABLE_MODULES = YES;
				CLANG_ENABLE_OBJC_ARC = YES;
				CLANG_WARN_BLOCK_CAPTURE_AUTORELEASING = YES;
				CLANG_WARN_BOOL_CONVERSION = YES;
				CLANG_WARN_COMMA = YES;
				CLANG_WARN_CONSTANT_CONVERSION = YES;
				CLANG_WARN_DIRECT_OBJC_ISA_USAGE = YES_ERROR;
				CLANG_WARN_DOCUMENTATION_COMMENTS = YES;
				CLANG_WARN_EMPTY_BODY = YES;
				CLANG_WARN_ENUM_CONVERSION = YES;
				CLANG_WARN_INFINITE_RECURSION = YES;
				CLANG_WARN_INT_CONVERSION = YES;
				CLANG_WARN_NON_LITERAL_NULL_CONVERSION = YES;
				CLANG_WARN_OBJC_LITERAL_CONVERSION = YES;
				CLANG_WARN_OBJC_ROOT_CLASS = YES_ERROR;
				CLANG_WARN_RANGE_LOOP_ANALYSIS = YES;
				CLANG_WARN_STRICT_PROTOTYPES = YES;
				CLANG_WARN_SUSPICIOUS_MOVE = YES;
				CLANG_WARN_UNREACHABLE_CODE = YES;
				CLANG_WARN__DUPLICATE_METHOD_MATCH = YES;
				"CODE_SIGN_IDENTITY[sdk=iphoneos*]" = "iPhone Developer";
				COPY_PHASE_STRIP = NO;
				DEBUG_INFORMATION_FORMAT = "dwarf-with-dsym";
				ENABLE_NS_ASSERTIONS = NO;
				ENABLE_STRICT_OBJC_MSGSEND = YES;
				FRAMEWORK_SEARCH_PATHS = "";
				GCC_C_LANGUAGE_STANDARD = gnu99;
				GCC_NO_COMMON_BLOCKS = YES;
				GCC_WARN_64_TO_32_BIT_CONVERSION = YES;
				GCC_WARN_ABOUT_RETURN_TYPE = YES_ERROR;
				GCC_WARN_UNDECLARED_SELECTOR = YES;
				GCC_WARN_UNINITIALIZED_AUTOS = YES_AGGRESSIVE;
				GCC_WARN_UNUSED_FUNCTION = YES;
				GCC_WARN_UNUSED_VARIABLE = YES;
				IPHONEOS_DEPLOYMENT_TARGET = 11.0;
				MTL_ENABLE_DEBUG_INFO = NO;
				SDKROOT = iphoneos;
				SWIFT_OPTIMIZATION_LEVEL = "-Owholemodule";
				TARGETED_DEVICE_FAMILY = "1,2";
				VALIDATE_PRODUCT = YES;
			};
			name = Release;
		};
		554A0B801F4745DF00C30FE6 /* Debug */ = {
			isa = XCBuildConfiguration;
			baseConfigurationReference = BF462DE7D671DA0B1695C68E /* Pods-GetStartedSwift.debug.xcconfig */;
			buildSettings = {
				ALWAYS_EMBED_SWIFT_STANDARD_LIBRARIES = YES;
				ASSETCATALOG_COMPILER_APPICON_NAME = AppIcon;
				DEVELOPMENT_TEAM = X2YRCXRG35;
				FRAMEWORK_SEARCH_PATHS = "";
				INFOPLIST_FILE = "$(SRCROOT)/GetStartedSwift/Supporting Files/GetStartedSwift-Info.plist";
				IPHONEOS_DEPLOYMENT_TARGET = 11.2;
				LD_RUNPATH_SEARCH_PATHS = "$(inherited) @executable_path/Frameworks";
				PRODUCT_BUNDLE_IDENTIFIER = msolan.stanford.edu.myscript.iink.GetStartedSwift;
				PRODUCT_NAME = "$(TARGET_NAME)";
				SWIFT_OBJC_BRIDGING_HEADER = "GetStartedSwift/Supporting Files/GetStartedSwift-Bridging-Header.h";
				SWIFT_SWIFT3_OBJC_INFERENCE = On;
				SWIFT_VERSION = 4.0;
				WARNING_LDFLAGS = "-Weverything";
			};
			name = Debug;
		};
		554A0B811F4745DF00C30FE6 /* Release */ = {
			isa = XCBuildConfiguration;
			baseConfigurationReference = 167C03D40C50913424C09F30 /* Pods-GetStartedSwift.release.xcconfig */;
			buildSettings = {
				ALWAYS_EMBED_SWIFT_STANDARD_LIBRARIES = YES;
				ASSETCATALOG_COMPILER_APPICON_NAME = AppIcon;
				DEVELOPMENT_TEAM = X2YRCXRG35;
				FRAMEWORK_SEARCH_PATHS = "";
				INFOPLIST_FILE = "$(SRCROOT)/GetStartedSwift/Supporting Files/GetStartedSwift-Info.plist";
				IPHONEOS_DEPLOYMENT_TARGET = 11.2;
				LD_RUNPATH_SEARCH_PATHS = "$(inherited) @executable_path/Frameworks";
				PRODUCT_BUNDLE_IDENTIFIER = msolan.stanford.edu.myscript.iink.GetStartedSwift;
				PRODUCT_NAME = "$(TARGET_NAME)";
				SWIFT_OBJC_BRIDGING_HEADER = "GetStartedSwift/Supporting Files/GetStartedSwift-Bridging-Header.h";
				SWIFT_SWIFT3_OBJC_INFERENCE = On;
				SWIFT_VERSION = 4.0;
				WARNING_LDFLAGS = "-Weverything";
			};
			name = Release;
		};
/* End XCBuildConfiguration section */

/* Begin XCConfigurationList section */
		554A0B681F4745DF00C30FE6 /* Build configuration list for PBXProject "GetStartedSwift" */ = {
			isa = XCConfigurationList;
			buildConfigurations = (
				554A0B7D1F4745DF00C30FE6 /* Debug */,
				554A0B7E1F4745DF00C30FE6 /* Release */,
			);
			defaultConfigurationIsVisible = 0;
			defaultConfigurationName = Release;
		};
		554A0B7F1F4745DF00C30FE6 /* Build configuration list for PBXNativeTarget "GetStartedSwift" */ = {
			isa = XCConfigurationList;
			buildConfigurations = (
				554A0B801F4745DF00C30FE6 /* Debug */,
				554A0B811F4745DF00C30FE6 /* Release */,
			);
			defaultConfigurationIsVisible = 0;
			defaultConfigurationName = Release;
		};
/* End XCConfigurationList section */
	};
	rootObject = 554A0B651F4745DF00C30FE6 /* Project object */;
}
