PODS:
  - Highlightr (2.0.1)
  - MyScriptInteractiveInk-Runtime (1.1.2)
  - MyScriptInteractiveInk-UIReferenceImplementation (1.1.2):
    - MyScriptInteractiveInk-Runtime (~> 1.1.2)

DEPENDENCIES:
  - Highlightr
  - MyScriptInteractiveInk-UIReferenceImplementation (from `../..`)

SPEC REPOS:
  https://github.com/cocoapods/specs.git:
    - Highlightr
    - MyScriptInteractiveInk-Runtime

EXTERNAL SOURCES:
  MyScriptInteractiveInk-UIReferenceImplementation:
    :path: "../.."

SPEC CHECKSUMS:
  Highlightr: 65655134dd0d5e1320afdd8a9d880c9e9dc0b437
  MyScriptInteractiveInk-Runtime: 473fd867a34fe659c4f076052435bd887db42bfa
  MyScriptInteractiveInk-UIReferenceImplementation: 20f34d04ac8b3aa2b26bcf857369224299420b9b

PODFILE CHECKSUM: 8db44309368afb935a97fb676ba8553360199b0f

COCOAPODS: 1.5.2
